PODS:
  - RNCryptor-objc (3.0.6)
  - SocketRocket (0.5.1)

DEPENDENCIES:
  - RNCryptor-objc
  - SocketRocket

SPEC REPOS:
  https://github.com/CocoaPods/Specs.git:
    - RNCryptor-objc
    - SocketRocket

SPEC CHECKSUMS:
  RNCryptor-objc: d1b228f9c02e2173df063f0617684c134aed890e
  SocketRocket: d57c7159b83c3c6655745cd15302aa24b6bae531

PODFILE CHECKSUM: 4dcfd78b53756fb68a2f250b1b3ca96d8aee8a80

COCOAPODS: 1.5.0
