PODS:
  - RNCryptor-objc (3.0.5)
  - SocketRocket (0.5.1)

DEPENDENCIES:
  - RNCryptor-objc
  - SocketRocket

SPEC CHECKSUMS:
  RNCryptor-objc: a65b15493de05dda4af0f392c70372b7a5625aab
  SocketRocket: d57c7159b83c3c6655745cd15302aa24b6bae531

PODFILE CHECKSUM: 4dcfd78b53756fb68a2f250b1b3ca96d8aee8a80

COCOAPODS: 1.4.0
