// !$*UTF8*$!
{
	archiveVersion = 1;
	classes = {
	};
	objectVersion = 48;
	objects = {

/* Begin PBXBuildFile section */
		273E9AB2205A2FDE0006ED5C /* SPIClient.m in Sources */ = {isa = PBXBuildFile; fileRef = 273E9AAD205A2FDD0006ED5C /* SPIClient.m */; };
		273E9AB3205A2FDE0006ED5C /* SPIClient.m in Sources */ = {isa = PBXBuildFile; fileRef = 273E9AAD205A2FDD0006ED5C /* SPIClient.m */; };
		273E9AB4205A2FDE0006ED5C /* SPIModels.m in Sources */ = {isa = PBXBuildFile; fileRef = 273E9AAE205A2FDD0006ED5C /* SPIModels.m */; };
		273E9AB5205A2FDE0006ED5C /* SPIModels.m in Sources */ = {isa = PBXBuildFile; fileRef = 273E9AAE205A2FDD0006ED5C /* SPIModels.m */; };
		273E9AE8205A30EC0006ED5C /* SPIDiffieHellman.m in Sources */ = {isa = PBXBuildFile; fileRef = 273E9AE4205A30EC0006ED5C /* SPIDiffieHellman.m */; };
		273E9AE9205A30EC0006ED5C /* SPIDiffieHellman.m in Sources */ = {isa = PBXBuildFile; fileRef = 273E9AE4205A30EC0006ED5C /* SPIDiffieHellman.m */; };
		273E9AEA205A30EC0006ED5C /* SPICrypto.m in Sources */ = {isa = PBXBuildFile; fileRef = 273E9AE5205A30EC0006ED5C /* SPICrypto.m */; };
		273E9AEB205A30EC0006ED5C /* SPICrypto.m in Sources */ = {isa = PBXBuildFile; fileRef = 273E9AE5205A30EC0006ED5C /* SPICrypto.m */; };
		273E9B03205A30F90006ED5C /* SPIMessage.m in Sources */ = {isa = PBXBuildFile; fileRef = 273E9AF2205A30F90006ED5C /* SPIMessage.m */; };
		273E9B04205A30F90006ED5C /* SPIMessage.m in Sources */ = {isa = PBXBuildFile; fileRef = 273E9AF2205A30F90006ED5C /* SPIMessage.m */; };
		273E9B06205A30F90006ED5C /* SPIPairingHelper.m in Sources */ = {isa = PBXBuildFile; fileRef = 273E9AF4205A30F90006ED5C /* SPIPairingHelper.m */; };
		273E9B07205A30F90006ED5C /* SPIPairingHelper.m in Sources */ = {isa = PBXBuildFile; fileRef = 273E9AF4205A30F90006ED5C /* SPIPairingHelper.m */; };
		273E9B09205A30F90006ED5C /* SPIPairing.m in Sources */ = {isa = PBXBuildFile; fileRef = 273E9AF6205A30F90006ED5C /* SPIPairing.m */; };
		273E9B0A205A30F90006ED5C /* SPIPairing.m in Sources */ = {isa = PBXBuildFile; fileRef = 273E9AF6205A30F90006ED5C /* SPIPairing.m */; };
		273E9B0B205A30F90006ED5C /* SPISettlement.m in Sources */ = {isa = PBXBuildFile; fileRef = 273E9AF7205A30F90006ED5C /* SPISettlement.m */; };
		273E9B0C205A30F90006ED5C /* SPISettlement.m in Sources */ = {isa = PBXBuildFile; fileRef = 273E9AF7205A30F90006ED5C /* SPISettlement.m */; };
		273E9B0D205A30F90006ED5C /* SPIKeyRollingHelper.m in Sources */ = {isa = PBXBuildFile; fileRef = 273E9AF8205A30F90006ED5C /* SPIKeyRollingHelper.m */; };
		273E9B0E205A30F90006ED5C /* SPIKeyRollingHelper.m in Sources */ = {isa = PBXBuildFile; fileRef = 273E9AF8205A30F90006ED5C /* SPIKeyRollingHelper.m */; };
		273E9B10205A30F90006ED5C /* SPITransaction.m in Sources */ = {isa = PBXBuildFile; fileRef = 273E9AFA205A30F90006ED5C /* SPITransaction.m */; };
		273E9B11205A30F90006ED5C /* SPITransaction.m in Sources */ = {isa = PBXBuildFile; fileRef = 273E9AFA205A30F90006ED5C /* SPITransaction.m */; };
		273E9B13205A30F90006ED5C /* SPISecrets.m in Sources */ = {isa = PBXBuildFile; fileRef = 273E9AFC205A30F90006ED5C /* SPISecrets.m */; };
		273E9B14205A30F90006ED5C /* SPISecrets.m in Sources */ = {isa = PBXBuildFile; fileRef = 273E9AFC205A30F90006ED5C /* SPISecrets.m */; };
		273E9B1E205A31030006ED5C /* SPIWebSocketConnection.m in Sources */ = {isa = PBXBuildFile; fileRef = 273E9B17205A31030006ED5C /* SPIWebSocketConnection.m */; };
		273E9B1F205A31030006ED5C /* SPIWebSocketConnection.m in Sources */ = {isa = PBXBuildFile; fileRef = 273E9B17205A31030006ED5C /* SPIWebSocketConnection.m */; };
		273E9B20205A31030006ED5C /* SPIRequestIdHelper.m in Sources */ = {isa = PBXBuildFile; fileRef = 273E9B18205A31030006ED5C /* SPIRequestIdHelper.m */; };
		273E9B21205A31030006ED5C /* SPIRequestIdHelper.m in Sources */ = {isa = PBXBuildFile; fileRef = 273E9B18205A31030006ED5C /* SPIRequestIdHelper.m */; };
		273E9B22205A31030006ED5C /* SPIPingHelper.m in Sources */ = {isa = PBXBuildFile; fileRef = 273E9B19205A31030006ED5C /* SPIPingHelper.m */; };
		273E9B23205A31030006ED5C /* SPIPingHelper.m in Sources */ = {isa = PBXBuildFile; fileRef = 273E9B19205A31030006ED5C /* SPIPingHelper.m */; };
		273E9B2E205A310A0006ED5C /* SPILogger.m in Sources */ = {isa = PBXBuildFile; fileRef = 273E9B2A205A310A0006ED5C /* SPILogger.m */; };
		273E9B2F205A310A0006ED5C /* SPILogger.m in Sources */ = {isa = PBXBuildFile; fileRef = 273E9B2A205A310A0006ED5C /* SPILogger.m */; };
		273E9B37205A315A0006ED5C /* NSDataCryptoTests.m in Sources */ = {isa = PBXBuildFile; fileRef = 273E9B34205A315A0006ED5C /* NSDataCryptoTests.m */; };
		273E9B38205A315A0006ED5C /* NSDateFormatterUtilTest.m in Sources */ = {isa = PBXBuildFile; fileRef = 273E9B35205A315A0006ED5C /* NSDateFormatterUtilTest.m */; };
		273E9B39205A315A0006ED5C /* NSStringUtilsTest.m in Sources */ = {isa = PBXBuildFile; fileRef = 273E9B36205A315A0006ED5C /* NSStringUtilsTest.m */; };
		273E9B3D205A31640006ED5C /* SPIDiffieHellmanTest.m in Sources */ = {isa = PBXBuildFile; fileRef = 273E9B3B205A31640006ED5C /* SPIDiffieHellmanTest.m */; };
		273E9B3E205A31640006ED5C /* SPICryptoTest.m in Sources */ = {isa = PBXBuildFile; fileRef = 273E9B3C205A31640006ED5C /* SPICryptoTest.m */; };
		273E9B45205A316E0006ED5C /* SPIGetLastTransactionTests.m in Sources */ = {isa = PBXBuildFile; fileRef = 273E9B40205A316E0006ED5C /* SPIGetLastTransactionTests.m */; };
		273E9B46205A316E0006ED5C /* SPIKeyRollingTest.m in Sources */ = {isa = PBXBuildFile; fileRef = 273E9B41205A316E0006ED5C /* SPIKeyRollingTest.m */; };
		273E9B47205A316E0006ED5C /* SPIPairingHelperTests.m in Sources */ = {isa = PBXBuildFile; fileRef = 273E9B42205A316E0006ED5C /* SPIPairingHelperTests.m */; };
		273E9B49205A316E0006ED5C /* SPIMessageTests.m in Sources */ = {isa = PBXBuildFile; fileRef = 273E9B44205A316E0006ED5C /* SPIMessageTests.m */; };
		273E9B5C205A34BF0006ED5C /* NSString+Util.m in Sources */ = {isa = PBXBuildFile; fileRef = 273E9B50205A34BF0006ED5C /* NSString+Util.m */; };
		273E9B5D205A34BF0006ED5C /* NSString+Util.m in Sources */ = {isa = PBXBuildFile; fileRef = 273E9B50205A34BF0006ED5C /* NSString+Util.m */; };
		273E9B5E205A34BF0006ED5C /* NSString+Crypto.m in Sources */ = {isa = PBXBuildFile; fileRef = 273E9B51205A34BF0006ED5C /* NSString+Crypto.m */; };
		273E9B5F205A34BF0006ED5C /* NSString+Crypto.m in Sources */ = {isa = PBXBuildFile; fileRef = 273E9B51205A34BF0006ED5C /* NSString+Crypto.m */; };
		273E9B60205A34BF0006ED5C /* NSObject+Util.m in Sources */ = {isa = PBXBuildFile; fileRef = 273E9B52205A34BF0006ED5C /* NSObject+Util.m */; };
		273E9B61205A34BF0006ED5C /* NSObject+Util.m in Sources */ = {isa = PBXBuildFile; fileRef = 273E9B52205A34BF0006ED5C /* NSObject+Util.m */; };
		273E9B62205A34BF0006ED5C /* NSDateFormatter+Util.m in Sources */ = {isa = PBXBuildFile; fileRef = 273E9B53205A34BF0006ED5C /* NSDateFormatter+Util.m */; };
		273E9B63205A34BF0006ED5C /* NSDateFormatter+Util.m in Sources */ = {isa = PBXBuildFile; fileRef = 273E9B53205A34BF0006ED5C /* NSDateFormatter+Util.m */; };
		273E9B64205A34BF0006ED5C /* NSData+Crypto.m in Sources */ = {isa = PBXBuildFile; fileRef = 273E9B54205A34BF0006ED5C /* NSData+Crypto.m */; };
		273E9B65205A34BF0006ED5C /* NSData+Crypto.m in Sources */ = {isa = PBXBuildFile; fileRef = 273E9B54205A34BF0006ED5C /* NSData+Crypto.m */; };
		273E9B67205A34BF0006ED5C /* NSDate+Util.m in Sources */ = {isa = PBXBuildFile; fileRef = 273E9B56205A34BF0006ED5C /* NSDate+Util.m */; };
		273E9B68205A34BF0006ED5C /* NSDate+Util.m in Sources */ = {isa = PBXBuildFile; fileRef = 273E9B56205A34BF0006ED5C /* NSDate+Util.m */; };
		27599C3320E4A368006619A8 /* SPIClient+Internal.h in Headers */ = {isa = PBXBuildFile; fileRef = 27599C3220E4A368006619A8 /* SPIClient+Internal.h */; };
		279BB72D205B581E005ADECB /* JKBigInteger.h in Headers */ = {isa = PBXBuildFile; fileRef = 279BB724205B581E005ADECB /* JKBigInteger.h */; };
		279BB730205B581E005ADECB /* tommath_class.h in Headers */ = {isa = PBXBuildFile; fileRef = 279BB727205B581E005ADECB /* tommath_class.h */; };
		279BB731205B581E005ADECB /* tommath.c in Sources */ = {isa = PBXBuildFile; fileRef = 279BB728205B581E005ADECB /* tommath.c */; };
		279BB732205B581E005ADECB /* tommath.c in Sources */ = {isa = PBXBuildFile; fileRef = 279BB728205B581E005ADECB /* tommath.c */; };
		279BB733205B581E005ADECB /* tommath_superclass.h in Headers */ = {isa = PBXBuildFile; fileRef = 279BB729205B581E005ADECB /* tommath_superclass.h */; };
		279BB734205B581E005ADECB /* tommath.h in Headers */ = {isa = PBXBuildFile; fileRef = 279BB72A205B581E005ADECB /* tommath.h */; };
		279BB736205B581E005ADECB /* JKBigInteger.m in Sources */ = {isa = PBXBuildFile; fileRef = 279BB72C205B581E005ADECB /* JKBigInteger.m */; };
		279BB737205B581E005ADECB /* JKBigInteger.m in Sources */ = {isa = PBXBuildFile; fileRef = 279BB72C205B581E005ADECB /* JKBigInteger.m */; };
		27B3CD1420EA20D200237C3A /* SPIManifest+Internal.h in Headers */ = {isa = PBXBuildFile; fileRef = 27B3CD1320EA20D200237C3A /* SPIManifest+Internal.h */; };
		27BEE9842058F9C400E74E66 /* SPIClient_iOS.framework in Frameworks */ = {isa = PBXBuildFile; fileRef = 27BEE97A2058F9C400E74E66 /* SPIClient_iOS.framework */; };
		27BEE9892058F9C400E74E66 /* SPIClient_iOSTests.m in Sources */ = {isa = PBXBuildFile; fileRef = 27BEE9882058F9C400E74E66 /* SPIClient_iOSTests.m */; };
		27C68F4320E32C7100D8268C /* SPIClient.h in Headers */ = {isa = PBXBuildFile; fileRef = 273E9AAF205A2FDD0006ED5C /* SPIClient.h */; };
		27C68F4420E32C7500D8268C /* SPIModels.h in Headers */ = {isa = PBXBuildFile; fileRef = 273E9AB1205A2FDE0006ED5C /* SPIModels.h */; };
		27C68F4520E32C7B00D8268C /* NSData+Crypto.h in Headers */ = {isa = PBXBuildFile; fileRef = 273E9B4D205A34BF0006ED5C /* NSData+Crypto.h */; };
		27C68F4620E32C7E00D8268C /* NSDate+Util.h in Headers */ = {isa = PBXBuildFile; fileRef = 273E9B4F205A34BF0006ED5C /* NSDate+Util.h */; };
		27C68F4720E32C8E00D8268C /* NSDateFormatter+Util.h in Headers */ = {isa = PBXBuildFile; fileRef = 273E9B4E205A34BF0006ED5C /* NSDateFormatter+Util.h */; };
		27C68F4820E32C9100D8268C /* NSObject+Util.h in Headers */ = {isa = PBXBuildFile; fileRef = 273E9B57205A34BF0006ED5C /* NSObject+Util.h */; };
		27C68F4920E32C9700D8268C /* NSString+Crypto.h in Headers */ = {isa = PBXBuildFile; fileRef = 273E9B58205A34BF0006ED5C /* NSString+Crypto.h */; };
		27C68F4A20E32C9900D8268C /* NSString+Util.h in Headers */ = {isa = PBXBuildFile; fileRef = 273E9B55205A34BF0006ED5C /* NSString+Util.h */; };
		27C68F4B20E32C9B00D8268C /* SPICrypto.h in Headers */ = {isa = PBXBuildFile; fileRef = 273E9AE3205A30EC0006ED5C /* SPICrypto.h */; };
		27C68F4C20E32C9E00D8268C /* SPIDiffieHellman.h in Headers */ = {isa = PBXBuildFile; fileRef = 273E9AE6205A30EC0006ED5C /* SPIDiffieHellman.h */; };
		27C68F4D20E32CA200D8268C /* SPICashout.h in Headers */ = {isa = PBXBuildFile; fileRef = 29534F5920BD991F0048C0E0 /* SPICashout.h */; };
		27C68F4E20E32CA400D8268C /* SPIKeyRollingHelper.h in Headers */ = {isa = PBXBuildFile; fileRef = 273E9AF1205A30F90006ED5C /* SPIKeyRollingHelper.h */; };
		27C68F4F20E32CAD00D8268C /* SPIMessage.h in Headers */ = {isa = PBXBuildFile; fileRef = 273E9AFB205A30F90006ED5C /* SPIMessage.h */; };
		27C68F5020E32CB000D8268C /* SPIPairing.h in Headers */ = {isa = PBXBuildFile; fileRef = 273E9AEF205A30F90006ED5C /* SPIPairing.h */; };
		27C68F5120E32CB300D8268C /* SPIPairingHelper.h in Headers */ = {isa = PBXBuildFile; fileRef = 273E9AFD205A30F90006ED5C /* SPIPairingHelper.h */; };
		27C68F5220E32CB600D8268C /* SPIPayAtTable.h in Headers */ = {isa = PBXBuildFile; fileRef = 2986B1C320B117EF0044857A /* SPIPayAtTable.h */; };
		27C68F5320E32CB800D8268C /* SPIPreAuth.h in Headers */ = {isa = PBXBuildFile; fileRef = 290EBBA720C55E3000D98C3A /* SPIPreAuth.h */; };
		27C68F5420E32CBC00D8268C /* SPITransaction.h in Headers */ = {isa = PBXBuildFile; fileRef = 273E9AF3205A30F90006ED5C /* SPITransaction.h */; };
		27C68F5520E32CBF00D8268C /* SPIPurchaseHelper.h in Headers */ = {isa = PBXBuildFile; fileRef = 290A3BFF20BEEF59006FD523 /* SPIPurchaseHelper.h */; };
		27C68F5620E32CC200D8268C /* SPISecrets.h in Headers */ = {isa = PBXBuildFile; fileRef = 273E9AF5205A30F90006ED5C /* SPISecrets.h */; };
		27C68F5720E32CC500D8268C /* SPISettlement.h in Headers */ = {isa = PBXBuildFile; fileRef = 273E9AEE205A30F90006ED5C /* SPISettlement.h */; };
		27C68F5820E32CC900D8268C /* SPIConnection.h in Headers */ = {isa = PBXBuildFile; fileRef = 273E9B1D205A31030006ED5C /* SPIConnection.h */; };
		27C68F5920E32CCD00D8268C /* SPIPingHelper.h in Headers */ = {isa = PBXBuildFile; fileRef = 273E9B1C205A31030006ED5C /* SPIPingHelper.h */; };
		27C68F5A20E32CD300D8268C /* SPIRequestIdHelper.h in Headers */ = {isa = PBXBuildFile; fileRef = 273E9B1B205A31030006ED5C /* SPIRequestIdHelper.h */; };
		27C68F5B20E32CD600D8268C /* SPIWebSocketConnection.h in Headers */ = {isa = PBXBuildFile; fileRef = 273E9B1A205A31030006ED5C /* SPIWebSocketConnection.h */; };
		27C68F5D20E32CE000D8268C /* SPILogger.h in Headers */ = {isa = PBXBuildFile; fileRef = 273E9B2C205A310A0006ED5C /* SPILogger.h */; };
		27C68F5E20E32CE600D8268C /* SPIClient_iOS.h in Headers */ = {isa = PBXBuildFile; fileRef = 273E9B6B205A379D0006ED5C /* SPIClient_iOS.h */; };
		27C8E47520EB399300E00EA9 /* SPITestUtils.m in Sources */ = {isa = PBXBuildFile; fileRef = 27C8E47420EB399300E00EA9 /* SPITestUtils.m */; };
		27C8E47C20EB4EB400E00EA9 /* SPIPosInfo.h in Headers */ = {isa = PBXBuildFile; fileRef = 27C8E47A20EB4EB400E00EA9 /* SPIPosInfo.h */; };
		27C8E47D20EB4EB400E00EA9 /* SPIPosInfo.m in Sources */ = {isa = PBXBuildFile; fileRef = 27C8E47B20EB4EB400E00EA9 /* SPIPosInfo.m */; };
		27C8E47F20EC67EF00E00EA9 /* SPIPosInfoTests.m in Sources */ = {isa = PBXBuildFile; fileRef = 27C8E47E20EC67EF00E00EA9 /* SPIPosInfoTests.m */; };
		27C8E48220EC74CC00E00EA9 /* SPIDeviceInfo.h in Headers */ = {isa = PBXBuildFile; fileRef = 27C8E48020EC74CC00E00EA9 /* SPIDeviceInfo.h */; };
		27C8E48320EC74CC00E00EA9 /* SPIDeviceInfo.m in Sources */ = {isa = PBXBuildFile; fileRef = 27C8E48120EC74CC00E00EA9 /* SPIDeviceInfo.m */; };
		290A3C0220BEEF59006FD523 /* SPIPurchaseHelper.m in Sources */ = {isa = PBXBuildFile; fileRef = 290A3C0020BEEF59006FD523 /* SPIPurchaseHelper.m */; };
		290EBBAA20C55E3000D98C3A /* SPIPreAuth.m in Sources */ = {isa = PBXBuildFile; fileRef = 290EBBA820C55E3000D98C3A /* SPIPreAuth.m */; };
		29468BD920D6B1A90095D3EC /* SPIRefundTests.m in Sources */ = {isa = PBXBuildFile; fileRef = 29468BD820D6B1A90095D3EC /* SPIRefundTests.m */; };
		29468BDB20D6B2CB0095D3EC /* SPISettlementTests.m in Sources */ = {isa = PBXBuildFile; fileRef = 29468BDA20D6B2CB0095D3EC /* SPISettlementTests.m */; };
		29468BE620D6BD900095D3EC /* XCTestCase+RNCryptorVectorTests.m in Sources */ = {isa = PBXBuildFile; fileRef = 29468BDF20D6BD600095D3EC /* XCTestCase+RNCryptorVectorTests.m */; };
		29468BE820D6BDA40095D3EC /* RNCryptorTests.m in Sources */ = {isa = PBXBuildFile; fileRef = 29468BDC20D6BD5F0095D3EC /* RNCryptorTests.m */; };
		29468BEA20D6BDB80095D3EC /* RNCryptorTestHelpers.m in Sources */ = {isa = PBXBuildFile; fileRef = 29468BDE20D6BD600095D3EC /* RNCryptorTestHelpers.m */; };
		29468BEE20D6BE650095D3EC /* JKBigInteger_iOSTests.m in Sources */ = {isa = PBXBuildFile; fileRef = 29468BEC20D6BE650095D3EC /* JKBigInteger_iOSTests.m */; };
		29468BF320D6BE7C0095D3EC /* JKBigInteger_Tests.m in Sources */ = {isa = PBXBuildFile; fileRef = 29468BF120D6BE7C0095D3EC /* JKBigInteger_Tests.m */; };
		29468C0C20D6CCB80095D3EC /* SPICashoutOnlyTests.m in Sources */ = {isa = PBXBuildFile; fileRef = 29468C0B20D6CCB80095D3EC /* SPICashoutOnlyTests.m */; };
		29468C0E20D6DF790095D3EC /* SPIClientTests.m in Sources */ = {isa = PBXBuildFile; fileRef = 29468C0D20D6DF790095D3EC /* SPIClientTests.m */; };
		29468C2820D738360095D3EC /* SPIPongHelperTests.m in Sources */ = {isa = PBXBuildFile; fileRef = 29468C2720D738360095D3EC /* SPIPongHelperTests.m */; };
		29534F5C20BD991F0048C0E0 /* SPICashout.m in Sources */ = {isa = PBXBuildFile; fileRef = 29534F5A20BD991F0048C0E0 /* SPICashout.m */; };
		29854DCF20D02D7000ABA629 /* SPITransactionTests.m in Sources */ = {isa = PBXBuildFile; fileRef = 29854DCE20D02D7000ABA629 /* SPITransactionTests.m */; };
		2986B1C620B117EF0044857A /* SPIPayAtTable.m in Sources */ = {isa = PBXBuildFile; fileRef = 2986B1C420B117EF0044857A /* SPIPayAtTable.m */; };
		29E3CC9720D68E9300C69BEC /* NSObjectDynamicDescription.m in Sources */ = {isa = PBXBuildFile; fileRef = 29E3CC9620D68E9300C69BEC /* NSObjectDynamicDescription.m */; };
		29E3CC9920D6935A00C69BEC /* NSStringUtilTests.m in Sources */ = {isa = PBXBuildFile; fileRef = 29E3CC9820D6935A00C69BEC /* NSStringUtilTests.m */; };
		374E391C9434FCEFB65A705F /* libPods-Tests.a in Frameworks */ = {isa = PBXBuildFile; fileRef = 34C6A04AE4CE4C33D490562D /* libPods-Tests.a */; };
		4714155F26AEA98A00CDC264 /* SPITerminalHelper.m in Sources */ = {isa = PBXBuildFile; fileRef = 4714155E26AEA98A00CDC264 /* SPITerminalHelper.m */; };
		4714156126AEA9A500CDC264 /* SPITerminalHelper.h in Headers */ = {isa = PBXBuildFile; fileRef = 4714156026AEA9A500CDC264 /* SPITerminalHelper.h */; };
		4719CC122698601100A18DD7 /* SPIAnalyticsService.m in Sources */ = {isa = PBXBuildFile; fileRef = 4719CC112698601100A18DD7 /* SPIAnalyticsService.m */; };
		4719CC142698607A00A18DD7 /* SPIAnalyticsService.h in Headers */ = {isa = PBXBuildFile; fileRef = 4719CC132698607A00A18DD7 /* SPIAnalyticsService.h */; };
		4719CC16269C21DA00A18DD7 /* SPITransactionReportHelper.m in Sources */ = {isa = PBXBuildFile; fileRef = 4719CC15269C21DA00A18DD7 /* SPITransactionReportHelper.m */; };
		4719CC18269C220D00A18DD7 /* SPITransactionReportHelper.h in Headers */ = {isa = PBXBuildFile; fileRef = 4719CC17269C220D00A18DD7 /* SPITransactionReportHelper.h */; };
		47E2F05A26B2CC1100BD02FE /* SPIDeviceHelper.h in Headers */ = {isa = PBXBuildFile; fileRef = 47E2F05926B2CC1100BD02FE /* SPIDeviceHelper.h */; };
		47E2F05C26B2CC3000BD02FE /* SPIDeviceHelper.m in Sources */ = {isa = PBXBuildFile; fileRef = 47E2F05B26B2CC3000BD02FE /* SPIDeviceHelper.m */; };
		47F1F782269C3792003CC15F /* SPITransactionReportHelper.m in Sources */ = {isa = PBXBuildFile; fileRef = 4719CC15269C21DA00A18DD7 /* SPITransactionReportHelper.m */; };
		49024DD4217ED7E300ACD54B /* SPITerminal.m in Sources */ = {isa = PBXBuildFile; fileRef = 49024DD2217ED7E300ACD54B /* SPITerminal.m */; };
		49024DD5217ED7E300ACD54B /* SPITerminal.h in Headers */ = {isa = PBXBuildFile; fileRef = 49024DD3217ED7E300ACD54B /* SPITerminal.h */; };
		49A6067221DDAE1800B6C706 /* SPIDeviceService.h in Headers */ = {isa = PBXBuildFile; fileRef = 49A6067021DDAE1800B6C706 /* SPIDeviceService.h */; };
		49A6067321DDAE1800B6C706 /* SPIDeviceService.m in Sources */ = {isa = PBXBuildFile; fileRef = 49A6067121DDAE1800B6C706 /* SPIDeviceService.m */; };
		49A61854215CBFC50068C537 /* SPIPrinting.m in Sources */ = {isa = PBXBuildFile; fileRef = 49A61853215CBFC50068C537 /* SPIPrinting.m */; };
		49B68925228A8BCE00E576A0 /* SPIAutoAddressResolutionTests.m in Sources */ = {isa = PBXBuildFile; fileRef = 49B68924228A8BCE00E576A0 /* SPIAutoAddressResolutionTests.m */; };
		49B68927228A9CF100E576A0 /* SPIPayAtTableConfigTests.m in Sources */ = {isa = PBXBuildFile; fileRef = 49B68926228A9CF100E576A0 /* SPIPayAtTableConfigTests.m */; };
		49D2B21122E09CF600510278 /* SPIPreauthTests.m in Sources */ = {isa = PBXBuildFile; fileRef = 49D2B21022E09CF600510278 /* SPIPreauthTests.m */; };
		49D2B21322E0A94A00510278 /* SPITerminalTests.m in Sources */ = {isa = PBXBuildFile; fileRef = 49D2B21222E0A94A00510278 /* SPITerminalTests.m */; };
		49D2B21522E11F1A00510278 /* SPIPrintingTests.m in Sources */ = {isa = PBXBuildFile; fileRef = 49D2B21422E11F1A00510278 /* SPIPrintingTests.m */; };
		49F3906B229BC6E5000517C8 /* SPIPayAtTableTests.m in Sources */ = {isa = PBXBuildFile; fileRef = 49F3906A229BC6E5000517C8 /* SPIPayAtTableTests.m */; };
		831D3C04214B62F40038B3E3 /* SPIRepeatingTimer.h in Headers */ = {isa = PBXBuildFile; fileRef = 831D3C02214B62F40038B3E3 /* SPIRepeatingTimer.h */; };
		831D3C05214B62F40038B3E3 /* SPIRepeatingTimer.m in Sources */ = {isa = PBXBuildFile; fileRef = 831D3C03214B62F40038B3E3 /* SPIRepeatingTimer.m */; };
		871DB6791A60B8722827A9CA /* libPods-SPIClient-iOS.a in Frameworks */ = {isa = PBXBuildFile; fileRef = 6673653AFE9DCEDEE3BF7940 /* libPods-SPIClient-iOS.a */; };
		C980074D25E75DEF00808E8D /* SPITenantsService.h in Headers */ = {isa = PBXBuildFile; fileRef = C980074B25E75DEF00808E8D /* SPITenantsService.h */; };
		C980074E25E75DEF00808E8D /* SPITenantsService.m in Sources */ = {isa = PBXBuildFile; fileRef = C980074C25E75DEF00808E8D /* SPITenantsService.m */; };
/* End PBXBuildFile section */

/* Begin PBXContainerItemProxy section */
		27BEE9852058F9C400E74E66 /* PBXContainerItemProxy */ = {
			isa = PBXContainerItemProxy;
			containerPortal = 27BEE9712058F9C400E74E66 /* Project object */;
			proxyType = 1;
			remoteGlobalIDString = 27BEE9792058F9C400E74E66;
			remoteInfo = "SPIClient-iOS";
		};
/* End PBXContainerItemProxy section */

/* Begin PBXFileReference section */
		14EE113B813EE009D4E22FD5 /* Pods-Tests.release.xcconfig */ = {isa = PBXFileReference; includeInIndex = 1; lastKnownFileType = text.xcconfig; name = "Pods-Tests.release.xcconfig"; path = "Pods/Target Support Files/Pods-Tests/Pods-Tests.release.xcconfig"; sourceTree = "<group>"; };
		273E9AAD205A2FDD0006ED5C /* SPIClient.m */ = {isa = PBXFileReference; fileEncoding = 4; lastKnownFileType = sourcecode.c.objc; path = SPIClient.m; sourceTree = "<group>"; };
		273E9AAE205A2FDD0006ED5C /* SPIModels.m */ = {isa = PBXFileReference; fileEncoding = 4; lastKnownFileType = sourcecode.c.objc; path = SPIModels.m; sourceTree = "<group>"; };
		273E9AAF205A2FDD0006ED5C /* SPIClient.h */ = {isa = PBXFileReference; fileEncoding = 4; lastKnownFileType = sourcecode.c.h; path = SPIClient.h; sourceTree = "<group>"; };
		273E9AB1205A2FDE0006ED5C /* SPIModels.h */ = {isa = PBXFileReference; fileEncoding = 4; lastKnownFileType = sourcecode.c.h; path = SPIModels.h; sourceTree = "<group>"; };
		273E9AE3205A30EC0006ED5C /* SPICrypto.h */ = {isa = PBXFileReference; fileEncoding = 4; lastKnownFileType = sourcecode.c.h; path = SPICrypto.h; sourceTree = "<group>"; };
		273E9AE4205A30EC0006ED5C /* SPIDiffieHellman.m */ = {isa = PBXFileReference; fileEncoding = 4; lastKnownFileType = sourcecode.c.objc; path = SPIDiffieHellman.m; sourceTree = "<group>"; };
		273E9AE5205A30EC0006ED5C /* SPICrypto.m */ = {isa = PBXFileReference; fileEncoding = 4; lastKnownFileType = sourcecode.c.objc; path = SPICrypto.m; sourceTree = "<group>"; };
		273E9AE6205A30EC0006ED5C /* SPIDiffieHellman.h */ = {isa = PBXFileReference; fileEncoding = 4; lastKnownFileType = sourcecode.c.h; path = SPIDiffieHellman.h; sourceTree = "<group>"; };
		273E9AEE205A30F90006ED5C /* SPISettlement.h */ = {isa = PBXFileReference; fileEncoding = 4; lastKnownFileType = sourcecode.c.h; path = SPISettlement.h; sourceTree = "<group>"; };
		273E9AEF205A30F90006ED5C /* SPIPairing.h */ = {isa = PBXFileReference; fileEncoding = 4; lastKnownFileType = sourcecode.c.h; path = SPIPairing.h; sourceTree = "<group>"; };
		273E9AF1205A30F90006ED5C /* SPIKeyRollingHelper.h */ = {isa = PBXFileReference; fileEncoding = 4; lastKnownFileType = sourcecode.c.h; path = SPIKeyRollingHelper.h; sourceTree = "<group>"; };
		273E9AF2205A30F90006ED5C /* SPIMessage.m */ = {isa = PBXFileReference; fileEncoding = 4; lastKnownFileType = sourcecode.c.objc; path = SPIMessage.m; sourceTree = "<group>"; };
		273E9AF3205A30F90006ED5C /* SPITransaction.h */ = {isa = PBXFileReference; fileEncoding = 4; lastKnownFileType = sourcecode.c.h; path = SPITransaction.h; sourceTree = "<group>"; };
		273E9AF4205A30F90006ED5C /* SPIPairingHelper.m */ = {isa = PBXFileReference; fileEncoding = 4; lastKnownFileType = sourcecode.c.objc; path = SPIPairingHelper.m; sourceTree = "<group>"; };
		273E9AF5205A30F90006ED5C /* SPISecrets.h */ = {isa = PBXFileReference; fileEncoding = 4; lastKnownFileType = sourcecode.c.h; path = SPISecrets.h; sourceTree = "<group>"; };
		273E9AF6205A30F90006ED5C /* SPIPairing.m */ = {isa = PBXFileReference; fileEncoding = 4; lastKnownFileType = sourcecode.c.objc; path = SPIPairing.m; sourceTree = "<group>"; };
		273E9AF7205A30F90006ED5C /* SPISettlement.m */ = {isa = PBXFileReference; fileEncoding = 4; lastKnownFileType = sourcecode.c.objc; path = SPISettlement.m; sourceTree = "<group>"; };
		273E9AF8205A30F90006ED5C /* SPIKeyRollingHelper.m */ = {isa = PBXFileReference; fileEncoding = 4; lastKnownFileType = sourcecode.c.objc; path = SPIKeyRollingHelper.m; sourceTree = "<group>"; };
		273E9AFA205A30F90006ED5C /* SPITransaction.m */ = {isa = PBXFileReference; fileEncoding = 4; lastKnownFileType = sourcecode.c.objc; path = SPITransaction.m; sourceTree = "<group>"; };
		273E9AFB205A30F90006ED5C /* SPIMessage.h */ = {isa = PBXFileReference; fileEncoding = 4; lastKnownFileType = sourcecode.c.h; path = SPIMessage.h; sourceTree = "<group>"; };
		273E9AFC205A30F90006ED5C /* SPISecrets.m */ = {isa = PBXFileReference; fileEncoding = 4; lastKnownFileType = sourcecode.c.objc; path = SPISecrets.m; sourceTree = "<group>"; };
		273E9AFD205A30F90006ED5C /* SPIPairingHelper.h */ = {isa = PBXFileReference; fileEncoding = 4; lastKnownFileType = sourcecode.c.h; path = SPIPairingHelper.h; sourceTree = "<group>"; };
		273E9B17205A31030006ED5C /* SPIWebSocketConnection.m */ = {isa = PBXFileReference; fileEncoding = 4; lastKnownFileType = sourcecode.c.objc; path = SPIWebSocketConnection.m; sourceTree = "<group>"; };
		273E9B18205A31030006ED5C /* SPIRequestIdHelper.m */ = {isa = PBXFileReference; fileEncoding = 4; lastKnownFileType = sourcecode.c.objc; path = SPIRequestIdHelper.m; sourceTree = "<group>"; };
		273E9B19205A31030006ED5C /* SPIPingHelper.m */ = {isa = PBXFileReference; fileEncoding = 4; lastKnownFileType = sourcecode.c.objc; path = SPIPingHelper.m; sourceTree = "<group>"; };
		273E9B1A205A31030006ED5C /* SPIWebSocketConnection.h */ = {isa = PBXFileReference; fileEncoding = 4; lastKnownFileType = sourcecode.c.h; path = SPIWebSocketConnection.h; sourceTree = "<group>"; };
		273E9B1B205A31030006ED5C /* SPIRequestIdHelper.h */ = {isa = PBXFileReference; fileEncoding = 4; lastKnownFileType = sourcecode.c.h; path = SPIRequestIdHelper.h; sourceTree = "<group>"; };
		273E9B1C205A31030006ED5C /* SPIPingHelper.h */ = {isa = PBXFileReference; fileEncoding = 4; lastKnownFileType = sourcecode.c.h; path = SPIPingHelper.h; sourceTree = "<group>"; };
		273E9B1D205A31030006ED5C /* SPIConnection.h */ = {isa = PBXFileReference; fileEncoding = 4; lastKnownFileType = sourcecode.c.h; path = SPIConnection.h; sourceTree = "<group>"; };
		273E9B2A205A310A0006ED5C /* SPILogger.m */ = {isa = PBXFileReference; fileEncoding = 4; lastKnownFileType = sourcecode.c.objc; path = SPILogger.m; sourceTree = "<group>"; };
		273E9B2C205A310A0006ED5C /* SPILogger.h */ = {isa = PBXFileReference; fileEncoding = 4; lastKnownFileType = sourcecode.c.h; path = SPILogger.h; sourceTree = "<group>"; };
		273E9B34205A315A0006ED5C /* NSDataCryptoTests.m */ = {isa = PBXFileReference; fileEncoding = 4; lastKnownFileType = sourcecode.c.objc; path = NSDataCryptoTests.m; sourceTree = "<group>"; };
		273E9B35205A315A0006ED5C /* NSDateFormatterUtilTest.m */ = {isa = PBXFileReference; fileEncoding = 4; lastKnownFileType = sourcecode.c.objc; path = NSDateFormatterUtilTest.m; sourceTree = "<group>"; };
		273E9B36205A315A0006ED5C /* NSStringUtilsTest.m */ = {isa = PBXFileReference; fileEncoding = 4; lastKnownFileType = sourcecode.c.objc; path = NSStringUtilsTest.m; sourceTree = "<group>"; };
		273E9B3B205A31640006ED5C /* SPIDiffieHellmanTest.m */ = {isa = PBXFileReference; fileEncoding = 4; lastKnownFileType = sourcecode.c.objc; path = SPIDiffieHellmanTest.m; sourceTree = "<group>"; };
		273E9B3C205A31640006ED5C /* SPICryptoTest.m */ = {isa = PBXFileReference; fileEncoding = 4; lastKnownFileType = sourcecode.c.objc; path = SPICryptoTest.m; sourceTree = "<group>"; };
		273E9B40205A316E0006ED5C /* SPIGetLastTransactionTests.m */ = {isa = PBXFileReference; fileEncoding = 4; lastKnownFileType = sourcecode.c.objc; path = SPIGetLastTransactionTests.m; sourceTree = "<group>"; };
		273E9B41205A316E0006ED5C /* SPIKeyRollingTest.m */ = {isa = PBXFileReference; fileEncoding = 4; lastKnownFileType = sourcecode.c.objc; path = SPIKeyRollingTest.m; sourceTree = "<group>"; };
		273E9B42205A316E0006ED5C /* SPIPairingHelperTests.m */ = {isa = PBXFileReference; fileEncoding = 4; lastKnownFileType = sourcecode.c.objc; path = SPIPairingHelperTests.m; sourceTree = "<group>"; };
		273E9B44205A316E0006ED5C /* SPIMessageTests.m */ = {isa = PBXFileReference; fileEncoding = 4; lastKnownFileType = sourcecode.c.objc; path = SPIMessageTests.m; sourceTree = "<group>"; };
		273E9B4D205A34BF0006ED5C /* NSData+Crypto.h */ = {isa = PBXFileReference; fileEncoding = 4; lastKnownFileType = sourcecode.c.h; path = "NSData+Crypto.h"; sourceTree = "<group>"; };
		273E9B4E205A34BF0006ED5C /* NSDateFormatter+Util.h */ = {isa = PBXFileReference; fileEncoding = 4; lastKnownFileType = sourcecode.c.h; path = "NSDateFormatter+Util.h"; sourceTree = "<group>"; };
		273E9B4F205A34BF0006ED5C /* NSDate+Util.h */ = {isa = PBXFileReference; fileEncoding = 4; lastKnownFileType = sourcecode.c.h; path = "NSDate+Util.h"; sourceTree = "<group>"; };
		273E9B50205A34BF0006ED5C /* NSString+Util.m */ = {isa = PBXFileReference; fileEncoding = 4; lastKnownFileType = sourcecode.c.objc; path = "NSString+Util.m"; sourceTree = "<group>"; };
		273E9B51205A34BF0006ED5C /* NSString+Crypto.m */ = {isa = PBXFileReference; fileEncoding = 4; lastKnownFileType = sourcecode.c.objc; path = "NSString+Crypto.m"; sourceTree = "<group>"; };
		273E9B52205A34BF0006ED5C /* NSObject+Util.m */ = {isa = PBXFileReference; fileEncoding = 4; lastKnownFileType = sourcecode.c.objc; path = "NSObject+Util.m"; sourceTree = "<group>"; };
		273E9B53205A34BF0006ED5C /* NSDateFormatter+Util.m */ = {isa = PBXFileReference; fileEncoding = 4; lastKnownFileType = sourcecode.c.objc; path = "NSDateFormatter+Util.m"; sourceTree = "<group>"; };
		273E9B54205A34BF0006ED5C /* NSData+Crypto.m */ = {isa = PBXFileReference; fileEncoding = 4; lastKnownFileType = sourcecode.c.objc; path = "NSData+Crypto.m"; sourceTree = "<group>"; };
		273E9B55205A34BF0006ED5C /* NSString+Util.h */ = {isa = PBXFileReference; fileEncoding = 4; lastKnownFileType = sourcecode.c.h; path = "NSString+Util.h"; sourceTree = "<group>"; };
		273E9B56205A34BF0006ED5C /* NSDate+Util.m */ = {isa = PBXFileReference; fileEncoding = 4; lastKnownFileType = sourcecode.c.objc; path = "NSDate+Util.m"; sourceTree = "<group>"; };
		273E9B57205A34BF0006ED5C /* NSObject+Util.h */ = {isa = PBXFileReference; fileEncoding = 4; lastKnownFileType = sourcecode.c.h; path = "NSObject+Util.h"; sourceTree = "<group>"; };
		273E9B58205A34BF0006ED5C /* NSString+Crypto.h */ = {isa = PBXFileReference; fileEncoding = 4; lastKnownFileType = sourcecode.c.h; path = "NSString+Crypto.h"; sourceTree = "<group>"; };
		273E9B6B205A379D0006ED5C /* SPIClient_iOS.h */ = {isa = PBXFileReference; fileEncoding = 4; lastKnownFileType = sourcecode.c.h; path = SPIClient_iOS.h; sourceTree = "<group>"; };
		27599C3220E4A368006619A8 /* SPIClient+Internal.h */ = {isa = PBXFileReference; lastKnownFileType = sourcecode.c.h; path = "SPIClient+Internal.h"; sourceTree = "<group>"; };
		279BB724205B581E005ADECB /* JKBigInteger.h */ = {isa = PBXFileReference; fileEncoding = 4; lastKnownFileType = sourcecode.c.h; path = JKBigInteger.h; sourceTree = "<group>"; };
		279BB727205B581E005ADECB /* tommath_class.h */ = {isa = PBXFileReference; fileEncoding = 4; lastKnownFileType = sourcecode.c.h; path = tommath_class.h; sourceTree = "<group>"; };
		279BB728205B581E005ADECB /* tommath.c */ = {isa = PBXFileReference; fileEncoding = 4; lastKnownFileType = sourcecode.c.c; path = tommath.c; sourceTree = "<group>"; };
		279BB729205B581E005ADECB /* tommath_superclass.h */ = {isa = PBXFileReference; fileEncoding = 4; lastKnownFileType = sourcecode.c.h; path = tommath_superclass.h; sourceTree = "<group>"; };
		279BB72A205B581E005ADECB /* tommath.h */ = {isa = PBXFileReference; fileEncoding = 4; lastKnownFileType = sourcecode.c.h; path = tommath.h; sourceTree = "<group>"; };
		279BB72C205B581E005ADECB /* JKBigInteger.m */ = {isa = PBXFileReference; fileEncoding = 4; lastKnownFileType = sourcecode.c.objc; path = JKBigInteger.m; sourceTree = "<group>"; };
		27B3CD1320EA20D200237C3A /* SPIManifest+Internal.h */ = {isa = PBXFileReference; fileEncoding = 4; lastKnownFileType = sourcecode.c.h; path = "SPIManifest+Internal.h"; sourceTree = "<group>"; };
		27BEE97A2058F9C400E74E66 /* SPIClient_iOS.framework */ = {isa = PBXFileReference; explicitFileType = wrapper.framework; includeInIndex = 0; path = SPIClient_iOS.framework; sourceTree = BUILT_PRODUCTS_DIR; };
		27BEE97E2058F9C400E74E66 /* Info.plist */ = {isa = PBXFileReference; lastKnownFileType = text.plist.xml; path = Info.plist; sourceTree = "<group>"; };
		27BEE9832058F9C400E74E66 /* Tests.xctest */ = {isa = PBXFileReference; explicitFileType = wrapper.cfbundle; includeInIndex = 0; path = Tests.xctest; sourceTree = BUILT_PRODUCTS_DIR; };
		27BEE9882058F9C400E74E66 /* SPIClient_iOSTests.m */ = {isa = PBXFileReference; lastKnownFileType = sourcecode.c.objc; path = SPIClient_iOSTests.m; sourceTree = "<group>"; };
		27C8E47320EB399300E00EA9 /* SPITestUtils.h */ = {isa = PBXFileReference; lastKnownFileType = sourcecode.c.h; path = SPITestUtils.h; sourceTree = "<group>"; };
		27C8E47420EB399300E00EA9 /* SPITestUtils.m */ = {isa = PBXFileReference; lastKnownFileType = sourcecode.c.objc; path = SPITestUtils.m; sourceTree = "<group>"; };
		27C8E47820EB483D00E00EA9 /* Info.plist */ = {isa = PBXFileReference; fileEncoding = 4; lastKnownFileType = text.plist.xml; path = Info.plist; sourceTree = "<group>"; };
		27C8E47A20EB4EB400E00EA9 /* SPIPosInfo.h */ = {isa = PBXFileReference; lastKnownFileType = sourcecode.c.h; path = SPIPosInfo.h; sourceTree = "<group>"; };
		27C8E47B20EB4EB400E00EA9 /* SPIPosInfo.m */ = {isa = PBXFileReference; lastKnownFileType = sourcecode.c.objc; path = SPIPosInfo.m; sourceTree = "<group>"; };
		27C8E47E20EC67EF00E00EA9 /* SPIPosInfoTests.m */ = {isa = PBXFileReference; lastKnownFileType = sourcecode.c.objc; path = SPIPosInfoTests.m; sourceTree = "<group>"; };
		27C8E48020EC74CC00E00EA9 /* SPIDeviceInfo.h */ = {isa = PBXFileReference; lastKnownFileType = sourcecode.c.h; path = SPIDeviceInfo.h; sourceTree = "<group>"; };
		27C8E48120EC74CC00E00EA9 /* SPIDeviceInfo.m */ = {isa = PBXFileReference; lastKnownFileType = sourcecode.c.objc; path = SPIDeviceInfo.m; sourceTree = "<group>"; };
		290A3BFF20BEEF59006FD523 /* SPIPurchaseHelper.h */ = {isa = PBXFileReference; lastKnownFileType = sourcecode.c.h; path = SPIPurchaseHelper.h; sourceTree = "<group>"; };
		290A3C0020BEEF59006FD523 /* SPIPurchaseHelper.m */ = {isa = PBXFileReference; lastKnownFileType = sourcecode.c.objc; path = SPIPurchaseHelper.m; sourceTree = "<group>"; };
		290EBBA720C55E3000D98C3A /* SPIPreAuth.h */ = {isa = PBXFileReference; lastKnownFileType = sourcecode.c.h; path = SPIPreAuth.h; sourceTree = "<group>"; };
		290EBBA820C55E3000D98C3A /* SPIPreAuth.m */ = {isa = PBXFileReference; lastKnownFileType = sourcecode.c.objc; path = SPIPreAuth.m; sourceTree = "<group>"; };
		29468BD820D6B1A90095D3EC /* SPIRefundTests.m */ = {isa = PBXFileReference; lastKnownFileType = sourcecode.c.objc; path = SPIRefundTests.m; sourceTree = "<group>"; };
		29468BDA20D6B2CB0095D3EC /* SPISettlementTests.m */ = {isa = PBXFileReference; lastKnownFileType = sourcecode.c.objc; path = SPISettlementTests.m; sourceTree = "<group>"; };
		29468BDC20D6BD5F0095D3EC /* RNCryptorTests.m */ = {isa = PBXFileReference; fileEncoding = 4; lastKnownFileType = sourcecode.c.objc; path = RNCryptorTests.m; sourceTree = "<group>"; };
		29468BDD20D6BD600095D3EC /* RNCryptorTestHelpers.h */ = {isa = PBXFileReference; fileEncoding = 4; lastKnownFileType = sourcecode.c.h; path = RNCryptorTestHelpers.h; sourceTree = "<group>"; };
		29468BDE20D6BD600095D3EC /* RNCryptorTestHelpers.m */ = {isa = PBXFileReference; fileEncoding = 4; lastKnownFileType = sourcecode.c.objc; path = RNCryptorTestHelpers.m; sourceTree = "<group>"; };
		29468BDF20D6BD600095D3EC /* XCTestCase+RNCryptorVectorTests.m */ = {isa = PBXFileReference; fileEncoding = 4; lastKnownFileType = sourcecode.c.objc; path = "XCTestCase+RNCryptorVectorTests.m"; sourceTree = "<group>"; };
		29468BE020D6BD600095D3EC /* XCTestCase+RNCryptorVectorTests.h */ = {isa = PBXFileReference; fileEncoding = 4; lastKnownFileType = sourcecode.c.h; path = "XCTestCase+RNCryptorVectorTests.h"; sourceTree = "<group>"; };
		29468BEC20D6BE650095D3EC /* JKBigInteger_iOSTests.m */ = {isa = PBXFileReference; fileEncoding = 4; lastKnownFileType = sourcecode.c.objc; path = JKBigInteger_iOSTests.m; sourceTree = "<group>"; };
		29468BF020D6BE7C0095D3EC /* JKBigInteger_Tests.h */ = {isa = PBXFileReference; fileEncoding = 4; lastKnownFileType = sourcecode.c.h; path = JKBigInteger_Tests.h; sourceTree = "<group>"; };
		29468BF120D6BE7C0095D3EC /* JKBigInteger_Tests.m */ = {isa = PBXFileReference; fileEncoding = 4; lastKnownFileType = sourcecode.c.objc; path = JKBigInteger_Tests.m; sourceTree = "<group>"; };
		29468C0B20D6CCB80095D3EC /* SPICashoutOnlyTests.m */ = {isa = PBXFileReference; lastKnownFileType = sourcecode.c.objc; path = SPICashoutOnlyTests.m; sourceTree = "<group>"; };
		29468C0D20D6DF790095D3EC /* SPIClientTests.m */ = {isa = PBXFileReference; lastKnownFileType = sourcecode.c.objc; path = SPIClientTests.m; sourceTree = "<group>"; };
		29468C2720D738360095D3EC /* SPIPongHelperTests.m */ = {isa = PBXFileReference; lastKnownFileType = sourcecode.c.objc; path = SPIPongHelperTests.m; sourceTree = "<group>"; };
		29534F5920BD991F0048C0E0 /* SPICashout.h */ = {isa = PBXFileReference; lastKnownFileType = sourcecode.c.h; path = SPICashout.h; sourceTree = "<group>"; };
		29534F5A20BD991F0048C0E0 /* SPICashout.m */ = {isa = PBXFileReference; lastKnownFileType = sourcecode.c.objc; path = SPICashout.m; sourceTree = "<group>"; };
		29854DCE20D02D7000ABA629 /* SPITransactionTests.m */ = {isa = PBXFileReference; lastKnownFileType = sourcecode.c.objc; path = SPITransactionTests.m; sourceTree = "<group>"; };
		2986B1C320B117EF0044857A /* SPIPayAtTable.h */ = {isa = PBXFileReference; lastKnownFileType = sourcecode.c.h; path = SPIPayAtTable.h; sourceTree = "<group>"; };
		2986B1C420B117EF0044857A /* SPIPayAtTable.m */ = {isa = PBXFileReference; lastKnownFileType = sourcecode.c.objc; path = SPIPayAtTable.m; sourceTree = "<group>"; };
		29E3CC9620D68E9300C69BEC /* NSObjectDynamicDescription.m */ = {isa = PBXFileReference; lastKnownFileType = sourcecode.c.objc; path = NSObjectDynamicDescription.m; sourceTree = "<group>"; };
		29E3CC9820D6935A00C69BEC /* NSStringUtilTests.m */ = {isa = PBXFileReference; lastKnownFileType = sourcecode.c.objc; path = NSStringUtilTests.m; sourceTree = "<group>"; };
		34C6A04AE4CE4C33D490562D /* libPods-Tests.a */ = {isa = PBXFileReference; explicitFileType = archive.ar; includeInIndex = 0; path = "libPods-Tests.a"; sourceTree = BUILT_PRODUCTS_DIR; };
		4714155E26AEA98A00CDC264 /* SPITerminalHelper.m */ = {isa = PBXFileReference; lastKnownFileType = sourcecode.c.objc; path = SPITerminalHelper.m; sourceTree = "<group>"; };
		4714156026AEA9A500CDC264 /* SPITerminalHelper.h */ = {isa = PBXFileReference; lastKnownFileType = sourcecode.c.h; path = SPITerminalHelper.h; sourceTree = "<group>"; };
		4719CC112698601100A18DD7 /* SPIAnalyticsService.m */ = {isa = PBXFileReference; lastKnownFileType = sourcecode.c.objc; path = SPIAnalyticsService.m; sourceTree = "<group>"; };
		4719CC132698607A00A18DD7 /* SPIAnalyticsService.h */ = {isa = PBXFileReference; lastKnownFileType = sourcecode.c.h; path = SPIAnalyticsService.h; sourceTree = "<group>"; };
		4719CC15269C21DA00A18DD7 /* SPITransactionReportHelper.m */ = {isa = PBXFileReference; lastKnownFileType = sourcecode.c.objc; path = SPITransactionReportHelper.m; sourceTree = "<group>"; };
		4719CC17269C220D00A18DD7 /* SPITransactionReportHelper.h */ = {isa = PBXFileReference; fileEncoding = 4; lastKnownFileType = sourcecode.c.h; path = SPITransactionReportHelper.h; sourceTree = "<group>"; };
		47E2F05926B2CC1100BD02FE /* SPIDeviceHelper.h */ = {isa = PBXFileReference; lastKnownFileType = sourcecode.c.h; path = SPIDeviceHelper.h; sourceTree = "<group>"; };
		47E2F05B26B2CC3000BD02FE /* SPIDeviceHelper.m */ = {isa = PBXFileReference; lastKnownFileType = sourcecode.c.objc; path = SPIDeviceHelper.m; sourceTree = "<group>"; };
		49024DD2217ED7E300ACD54B /* SPITerminal.m */ = {isa = PBXFileReference; fileEncoding = 4; lastKnownFileType = sourcecode.c.objc; path = SPITerminal.m; sourceTree = "<group>"; };
		49024DD3217ED7E300ACD54B /* SPITerminal.h */ = {isa = PBXFileReference; fileEncoding = 4; lastKnownFileType = sourcecode.c.h; path = SPITerminal.h; sourceTree = "<group>"; };
		49A6067021DDAE1800B6C706 /* SPIDeviceService.h */ = {isa = PBXFileReference; fileEncoding = 4; lastKnownFileType = sourcecode.c.h; name = SPIDeviceService.h; path = Library/Service/SPIDeviceService.h; sourceTree = SOURCE_ROOT; };
		49A6067121DDAE1800B6C706 /* SPIDeviceService.m */ = {isa = PBXFileReference; fileEncoding = 4; lastKnownFileType = sourcecode.c.objc; name = SPIDeviceService.m; path = Library/Service/SPIDeviceService.m; sourceTree = SOURCE_ROOT; };
		49A61853215CBFC50068C537 /* SPIPrinting.m */ = {isa = PBXFileReference; lastKnownFileType = sourcecode.c.objc; path = SPIPrinting.m; sourceTree = "<group>"; };
		49A61855215CBFE10068C537 /* SPIPrinting.h */ = {isa = PBXFileReference; lastKnownFileType = sourcecode.c.h; path = SPIPrinting.h; sourceTree = "<group>"; };
		49B68924228A8BCE00E576A0 /* SPIAutoAddressResolutionTests.m */ = {isa = PBXFileReference; lastKnownFileType = sourcecode.c.objc; path = SPIAutoAddressResolutionTests.m; sourceTree = "<group>"; };
		49B68926228A9CF100E576A0 /* SPIPayAtTableConfigTests.m */ = {isa = PBXFileReference; lastKnownFileType = sourcecode.c.objc; path = SPIPayAtTableConfigTests.m; sourceTree = "<group>"; };
		49D2B21022E09CF600510278 /* SPIPreauthTests.m */ = {isa = PBXFileReference; lastKnownFileType = sourcecode.c.objc; path = SPIPreauthTests.m; sourceTree = "<group>"; };
		49D2B21222E0A94A00510278 /* SPITerminalTests.m */ = {isa = PBXFileReference; lastKnownFileType = sourcecode.c.objc; path = SPITerminalTests.m; sourceTree = "<group>"; };
		49D2B21422E11F1A00510278 /* SPIPrintingTests.m */ = {isa = PBXFileReference; lastKnownFileType = sourcecode.c.objc; path = SPIPrintingTests.m; sourceTree = "<group>"; };
		49F3906A229BC6E5000517C8 /* SPIPayAtTableTests.m */ = {isa = PBXFileReference; lastKnownFileType = sourcecode.c.objc; path = SPIPayAtTableTests.m; sourceTree = "<group>"; };
		5A44F061A056AA8B851EA052 /* Pods-Tests.debug.xcconfig */ = {isa = PBXFileReference; includeInIndex = 1; lastKnownFileType = text.xcconfig; name = "Pods-Tests.debug.xcconfig"; path = "Pods/Target Support Files/Pods-Tests/Pods-Tests.debug.xcconfig"; sourceTree = "<group>"; };
		6673653AFE9DCEDEE3BF7940 /* libPods-SPIClient-iOS.a */ = {isa = PBXFileReference; explicitFileType = archive.ar; includeInIndex = 0; path = "libPods-SPIClient-iOS.a"; sourceTree = BUILT_PRODUCTS_DIR; };
		831D3C02214B62F40038B3E3 /* SPIRepeatingTimer.h */ = {isa = PBXFileReference; lastKnownFileType = sourcecode.c.h; path = SPIRepeatingTimer.h; sourceTree = "<group>"; };
		831D3C03214B62F40038B3E3 /* SPIRepeatingTimer.m */ = {isa = PBXFileReference; lastKnownFileType = sourcecode.c.objc; path = SPIRepeatingTimer.m; sourceTree = "<group>"; };
		C72497E83165D2D15EC6229C /* Pods-SPIClient-iOS.release.xcconfig */ = {isa = PBXFileReference; includeInIndex = 1; lastKnownFileType = text.xcconfig; name = "Pods-SPIClient-iOS.release.xcconfig"; path = "Pods/Target Support Files/Pods-SPIClient-iOS/Pods-SPIClient-iOS.release.xcconfig"; sourceTree = "<group>"; };
		C980074B25E75DEF00808E8D /* SPITenantsService.h */ = {isa = PBXFileReference; fileEncoding = 4; lastKnownFileType = sourcecode.c.h; name = SPITenantsService.h; path = Library/Service/SPITenantsService.h; sourceTree = SOURCE_ROOT; };
		C980074C25E75DEF00808E8D /* SPITenantsService.m */ = {isa = PBXFileReference; fileEncoding = 4; lastKnownFileType = sourcecode.c.objc; name = SPITenantsService.m; path = Library/Service/SPITenantsService.m; sourceTree = SOURCE_ROOT; };
		E4F182040639C7C173C6A36E /* Pods-SPIClient-iOS.debug.xcconfig */ = {isa = PBXFileReference; includeInIndex = 1; lastKnownFileType = text.xcconfig; name = "Pods-SPIClient-iOS.debug.xcconfig"; path = "Pods/Target Support Files/Pods-SPIClient-iOS/Pods-SPIClient-iOS.debug.xcconfig"; sourceTree = "<group>"; };
/* End PBXFileReference section */

/* Begin PBXFrameworksBuildPhase section */
		27BEE9762058F9C400E74E66 /* Frameworks */ = {
			isa = PBXFrameworksBuildPhase;
			buildActionMask = 2147483647;
			files = (
				871DB6791A60B8722827A9CA /* libPods-SPIClient-iOS.a in Frameworks */,
			);
			runOnlyForDeploymentPostprocessing = 0;
		};
		27BEE9802058F9C400E74E66 /* Frameworks */ = {
			isa = PBXFrameworksBuildPhase;
			buildActionMask = 2147483647;
			files = (
				27BEE9842058F9C400E74E66 /* SPIClient_iOS.framework in Frameworks */,
				374E391C9434FCEFB65A705F /* libPods-Tests.a in Frameworks */,
			);
			runOnlyForDeploymentPostprocessing = 0;
		};
/* End PBXFrameworksBuildPhase section */

/* Begin PBXGroup section */
		01100543FC5BEB7D0BF851E5 /* Frameworks */ = {
			isa = PBXGroup;
			children = (
				6673653AFE9DCEDEE3BF7940 /* libPods-SPIClient-iOS.a */,
				34C6A04AE4CE4C33D490562D /* libPods-Tests.a */,
			);
			name = Frameworks;
			sourceTree = "<group>";
		};
		273E9AE2205A30EC0006ED5C /* Crypto */ = {
			isa = PBXGroup;
			children = (
				273E9AE3205A30EC0006ED5C /* SPICrypto.h */,
				273E9AE5205A30EC0006ED5C /* SPICrypto.m */,
				273E9AE6205A30EC0006ED5C /* SPIDiffieHellman.h */,
				273E9AE4205A30EC0006ED5C /* SPIDiffieHellman.m */,
			);
			path = Crypto;
			sourceTree = "<group>";
		};
		273E9AED205A30F90006ED5C /* Model */ = {
			isa = PBXGroup;
			children = (
				49024DD3217ED7E300ACD54B /* SPITerminal.h */,
				49024DD2217ED7E300ACD54B /* SPITerminal.m */,
				29534F5920BD991F0048C0E0 /* SPICashout.h */,
				29534F5A20BD991F0048C0E0 /* SPICashout.m */,
				273E9AF1205A30F90006ED5C /* SPIKeyRollingHelper.h */,
				273E9AF8205A30F90006ED5C /* SPIKeyRollingHelper.m */,
				273E9AFB205A30F90006ED5C /* SPIMessage.h */,
				273E9AF2205A30F90006ED5C /* SPIMessage.m */,
				273E9AEF205A30F90006ED5C /* SPIPairing.h */,
				273E9AF6205A30F90006ED5C /* SPIPairing.m */,
				273E9AFD205A30F90006ED5C /* SPIPairingHelper.h */,
				273E9AF4205A30F90006ED5C /* SPIPairingHelper.m */,
				2986B1C320B117EF0044857A /* SPIPayAtTable.h */,
				2986B1C420B117EF0044857A /* SPIPayAtTable.m */,
				27C8E47A20EB4EB400E00EA9 /* SPIPosInfo.h */,
				27C8E47B20EB4EB400E00EA9 /* SPIPosInfo.m */,
				290EBBA720C55E3000D98C3A /* SPIPreAuth.h */,
				290EBBA820C55E3000D98C3A /* SPIPreAuth.m */,
				49A61855215CBFE10068C537 /* SPIPrinting.h */,
				49A61853215CBFC50068C537 /* SPIPrinting.m */,
				290A3BFF20BEEF59006FD523 /* SPIPurchaseHelper.h */,
				290A3C0020BEEF59006FD523 /* SPIPurchaseHelper.m */,
				273E9AF5205A30F90006ED5C /* SPISecrets.h */,
				273E9AFC205A30F90006ED5C /* SPISecrets.m */,
				273E9AEE205A30F90006ED5C /* SPISettlement.h */,
				273E9AF7205A30F90006ED5C /* SPISettlement.m */,
				273E9AF3205A30F90006ED5C /* SPITransaction.h */,
				273E9AFA205A30F90006ED5C /* SPITransaction.m */,
			);
			path = Model;
			sourceTree = "<group>";
		};
		273E9B16205A31030006ED5C /* Network */ = {
			isa = PBXGroup;
			children = (
				273E9B1D205A31030006ED5C /* SPIConnection.h */,
				273E9B1C205A31030006ED5C /* SPIPingHelper.h */,
				273E9B19205A31030006ED5C /* SPIPingHelper.m */,
				273E9B1B205A31030006ED5C /* SPIRequestIdHelper.h */,
				273E9B18205A31030006ED5C /* SPIRequestIdHelper.m */,
				273E9B1A205A31030006ED5C /* SPIWebSocketConnection.h */,
				273E9B17205A31030006ED5C /* SPIWebSocketConnection.m */,
			);
			path = Network;
			sourceTree = "<group>";
		};
		273E9B28205A310A0006ED5C /* Util */ = {
			isa = PBXGroup;
			children = (
				27C8E48020EC74CC00E00EA9 /* SPIDeviceInfo.h */,
				27C8E48120EC74CC00E00EA9 /* SPIDeviceInfo.m */,
				273E9B2C205A310A0006ED5C /* SPILogger.h */,
				273E9B2A205A310A0006ED5C /* SPILogger.m */,
				831D3C02214B62F40038B3E3 /* SPIRepeatingTimer.h */,
				831D3C03214B62F40038B3E3 /* SPIRepeatingTimer.m */,
			);
			path = Util;
			sourceTree = "<group>";
		};
		273E9B33205A315A0006ED5C /* Categories */ = {
			isa = PBXGroup;
			children = (
				273E9B34205A315A0006ED5C /* NSDataCryptoTests.m */,
				273E9B35205A315A0006ED5C /* NSDateFormatterUtilTest.m */,
				273E9B36205A315A0006ED5C /* NSStringUtilsTest.m */,
				29E3CC9620D68E9300C69BEC /* NSObjectDynamicDescription.m */,
				29E3CC9820D6935A00C69BEC /* NSStringUtilTests.m */,
			);
			path = Categories;
			sourceTree = "<group>";
		};
		273E9B3A205A31640006ED5C /* Crypto */ = {
			isa = PBXGroup;
			children = (
				29468BDD20D6BD600095D3EC /* RNCryptorTestHelpers.h */,
				29468BDE20D6BD600095D3EC /* RNCryptorTestHelpers.m */,
				29468BDC20D6BD5F0095D3EC /* RNCryptorTests.m */,
				29468BE020D6BD600095D3EC /* XCTestCase+RNCryptorVectorTests.h */,
				29468BDF20D6BD600095D3EC /* XCTestCase+RNCryptorVectorTests.m */,
				273E9B3B205A31640006ED5C /* SPIDiffieHellmanTest.m */,
				273E9B3C205A31640006ED5C /* SPICryptoTest.m */,
			);
			path = Crypto;
			sourceTree = "<group>";
		};
		273E9B3F205A316E0006ED5C /* Model */ = {
			isa = PBXGroup;
			children = (
				49B68924228A8BCE00E576A0 /* SPIAutoAddressResolutionTests.m */,
				29468C0B20D6CCB80095D3EC /* SPICashoutOnlyTests.m */,
				29468C0D20D6DF790095D3EC /* SPIClientTests.m */,
				273E9B40205A316E0006ED5C /* SPIGetLastTransactionTests.m */,
				273E9B41205A316E0006ED5C /* SPIKeyRollingTest.m */,
				273E9B44205A316E0006ED5C /* SPIMessageTests.m */,
				273E9B42205A316E0006ED5C /* SPIPairingHelperTests.m */,
				49B68926228A9CF100E576A0 /* SPIPayAtTableConfigTests.m */,
				49F3906A229BC6E5000517C8 /* SPIPayAtTableTests.m */,
				29468C2720D738360095D3EC /* SPIPongHelperTests.m */,
				27C8E47E20EC67EF00E00EA9 /* SPIPosInfoTests.m */,
				49D2B21022E09CF600510278 /* SPIPreauthTests.m */,
				49D2B21422E11F1A00510278 /* SPIPrintingTests.m */,
				29468BD820D6B1A90095D3EC /* SPIRefundTests.m */,
				29468BDA20D6B2CB0095D3EC /* SPISettlementTests.m */,
				49D2B21222E0A94A00510278 /* SPITerminalTests.m */,
				29854DCE20D02D7000ABA629 /* SPITransactionTests.m */,
			);
			path = Model;
			sourceTree = "<group>";
		};
		273E9B4C205A34BF0006ED5C /* Categories */ = {
			isa = PBXGroup;
			children = (
				273E9B4D205A34BF0006ED5C /* NSData+Crypto.h */,
				273E9B54205A34BF0006ED5C /* NSData+Crypto.m */,
				273E9B4F205A34BF0006ED5C /* NSDate+Util.h */,
				273E9B56205A34BF0006ED5C /* NSDate+Util.m */,
				273E9B4E205A34BF0006ED5C /* NSDateFormatter+Util.h */,
				273E9B53205A34BF0006ED5C /* NSDateFormatter+Util.m */,
				273E9B57205A34BF0006ED5C /* NSObject+Util.h */,
				273E9B52205A34BF0006ED5C /* NSObject+Util.m */,
				273E9B58205A34BF0006ED5C /* NSString+Crypto.h */,
				273E9B51205A34BF0006ED5C /* NSString+Crypto.m */,
				273E9B55205A34BF0006ED5C /* NSString+Util.h */,
				273E9B50205A34BF0006ED5C /* NSString+Util.m */,
			);
			path = Categories;
			sourceTree = "<group>";
		};
		279BB723205B581E005ADECB /* JKBigInteger */ = {
			isa = PBXGroup;
			children = (
				279BB724205B581E005ADECB /* JKBigInteger.h */,
				279BB72C205B581E005ADECB /* JKBigInteger.m */,
				279BB726205B581E005ADECB /* LibTomMath */,
			);
			path = JKBigInteger;
			sourceTree = "<group>";
		};
		279BB726205B581E005ADECB /* LibTomMath */ = {
			isa = PBXGroup;
			children = (
				279BB727205B581E005ADECB /* tommath_class.h */,
				279BB729205B581E005ADECB /* tommath_superclass.h */,
				279BB728205B581E005ADECB /* tommath.c */,
				279BB72A205B581E005ADECB /* tommath.h */,
			);
			path = LibTomMath;
			sourceTree = "<group>";
		};
		27BEE9702058F9C400E74E66 = {
			isa = PBXGroup;
			children = (
				27BEE97C2058F9C400E74E66 /* Library */,
				27BEE9872058F9C400E74E66 /* Tests */,
				27BEE97B2058F9C400E74E66 /* Products */,
				786F0B30F75E71B9A8439A92 /* Pods */,
				01100543FC5BEB7D0BF851E5 /* Frameworks */,
			);
			sourceTree = "<group>";
		};
		27BEE97B2058F9C400E74E66 /* Products */ = {
			isa = PBXGroup;
			children = (
				27BEE97A2058F9C400E74E66 /* SPIClient_iOS.framework */,
				27BEE9832058F9C400E74E66 /* Tests.xctest */,
			);
			name = Products;
			sourceTree = "<group>";
		};
		27BEE97C2058F9C400E74E66 /* Library */ = {
			isa = PBXGroup;
			children = (
				273E9AAF205A2FDD0006ED5C /* SPIClient.h */,
				27599C3220E4A368006619A8 /* SPIClient+Internal.h */,
				273E9AAD205A2FDD0006ED5C /* SPIClient.m */,
				27B3CD1320EA20D200237C3A /* SPIManifest+Internal.h */,
				273E9AB1205A2FDE0006ED5C /* SPIModels.h */,
				273E9AAE205A2FDD0006ED5C /* SPIModels.m */,
				4714155D26AEA91000CDC264 /* Helper */,
				273E9B4C205A34BF0006ED5C /* Categories */,
				273E9AE2205A30EC0006ED5C /* Crypto */,
				273E9AED205A30F90006ED5C /* Model */,
				273E9B16205A31030006ED5C /* Network */,
				49A6066F21DDADD700B6C706 /* Service */,
				273E9B28205A310A0006ED5C /* Util */,
				279BB723205B581E005ADECB /* JKBigInteger */,
				273E9B6B205A379D0006ED5C /* SPIClient_iOS.h */,
				27BEE97E2058F9C400E74E66 /* Info.plist */,
			);
			path = Library;
			sourceTree = "<group>";
		};
		27BEE9872058F9C400E74E66 /* Tests */ = {
			isa = PBXGroup;
			children = (
				29468BEB20D6BE510095D3EC /* JKDecimal */,
				273E9B33205A315A0006ED5C /* Categories */,
				273E9B3A205A31640006ED5C /* Crypto */,
				273E9B3F205A316E0006ED5C /* Model */,
				27BEE9882058F9C400E74E66 /* SPIClient_iOSTests.m */,
				27C8E47320EB399300E00EA9 /* SPITestUtils.h */,
				27C8E47420EB399300E00EA9 /* SPITestUtils.m */,
				27C8E47820EB483D00E00EA9 /* Info.plist */,
			);
			path = Tests;
			sourceTree = "<group>";
		};
		29468BEB20D6BE510095D3EC /* JKDecimal */ = {
			isa = PBXGroup;
			children = (
				29468BF020D6BE7C0095D3EC /* JKBigInteger_Tests.h */,
				29468BF120D6BE7C0095D3EC /* JKBigInteger_Tests.m */,
				29468BEC20D6BE650095D3EC /* JKBigInteger_iOSTests.m */,
			);
			path = JKDecimal;
			sourceTree = "<group>";
		};
		4714155D26AEA91000CDC264 /* Helper */ = {
			isa = PBXGroup;
			children = (
				4719CC17269C220D00A18DD7 /* SPITransactionReportHelper.h */,
				4719CC15269C21DA00A18DD7 /* SPITransactionReportHelper.m */,
				4714156026AEA9A500CDC264 /* SPITerminalHelper.h */,
				4714155E26AEA98A00CDC264 /* SPITerminalHelper.m */,
				47E2F05926B2CC1100BD02FE /* SPIDeviceHelper.h */,
				47E2F05B26B2CC3000BD02FE /* SPIDeviceHelper.m */,
			);
			path = Helper;
			sourceTree = "<group>";
		};
		49A6066F21DDADD700B6C706 /* Service */ = {
			isa = PBXGroup;
			children = (
				49A6067021DDAE1800B6C706 /* SPIDeviceService.h */,
				49A6067121DDAE1800B6C706 /* SPIDeviceService.m */,
				C980074B25E75DEF00808E8D /* SPITenantsService.h */,
				C980074C25E75DEF00808E8D /* SPITenantsService.m */,
				4719CC132698607A00A18DD7 /* SPIAnalyticsService.h */,
				4719CC112698601100A18DD7 /* SPIAnalyticsService.m */,
			);
			path = Service;
			sourceTree = "<group>";
		};
		786F0B30F75E71B9A8439A92 /* Pods */ = {
			isa = PBXGroup;
			children = (
				E4F182040639C7C173C6A36E /* Pods-SPIClient-iOS.debug.xcconfig */,
				C72497E83165D2D15EC6229C /* Pods-SPIClient-iOS.release.xcconfig */,
				5A44F061A056AA8B851EA052 /* Pods-Tests.debug.xcconfig */,
				14EE113B813EE009D4E22FD5 /* Pods-Tests.release.xcconfig */,
			);
			name = Pods;
			sourceTree = "<group>";
		};
/* End PBXGroup section */

/* Begin PBXHeadersBuildPhase section */
		27BEE9772058F9C400E74E66 /* Headers */ = {
			isa = PBXHeadersBuildPhase;
			buildActionMask = 2147483647;
			files = (
				4719CC142698607A00A18DD7 /* SPIAnalyticsService.h in Headers */,
				279BB733205B581E005ADECB /* tommath_superclass.h in Headers */,
				279BB730205B581E005ADECB /* tommath_class.h in Headers */,
				4714156126AEA9A500CDC264 /* SPITerminalHelper.h in Headers */,
				279BB734205B581E005ADECB /* tommath.h in Headers */,
				831D3C04214B62F40038B3E3 /* SPIRepeatingTimer.h in Headers */,
				279BB72D205B581E005ADECB /* JKBigInteger.h in Headers */,
				27C8E47C20EB4EB400E00EA9 /* SPIPosInfo.h in Headers */,
				4719CC18269C220D00A18DD7 /* SPITransactionReportHelper.h in Headers */,
				27C68F4320E32C7100D8268C /* SPIClient.h in Headers */,
				27C68F4420E32C7500D8268C /* SPIModels.h in Headers */,
				27599C3320E4A368006619A8 /* SPIClient+Internal.h in Headers */,
				27C68F4520E32C7B00D8268C /* NSData+Crypto.h in Headers */,
				27C68F4620E32C7E00D8268C /* NSDate+Util.h in Headers */,
				27C68F4720E32C8E00D8268C /* NSDateFormatter+Util.h in Headers */,
				27C68F4820E32C9100D8268C /* NSObject+Util.h in Headers */,
				27C68F4920E32C9700D8268C /* NSString+Crypto.h in Headers */,
				27C68F4A20E32C9900D8268C /* NSString+Util.h in Headers */,
				49024DD5217ED7E300ACD54B /* SPITerminal.h in Headers */,
				47E2F05A26B2CC1100BD02FE /* SPIDeviceHelper.h in Headers */,
				27C68F4B20E32C9B00D8268C /* SPICrypto.h in Headers */,
				27C68F4C20E32C9E00D8268C /* SPIDiffieHellman.h in Headers */,
				27C68F4D20E32CA200D8268C /* SPICashout.h in Headers */,
				27C68F4E20E32CA400D8268C /* SPIKeyRollingHelper.h in Headers */,
				27C68F4F20E32CAD00D8268C /* SPIMessage.h in Headers */,
				27C68F5020E32CB000D8268C /* SPIPairing.h in Headers */,
				C980074D25E75DEF00808E8D /* SPITenantsService.h in Headers */,
				27C68F5120E32CB300D8268C /* SPIPairingHelper.h in Headers */,
				27C8E48220EC74CC00E00EA9 /* SPIDeviceInfo.h in Headers */,
				27C68F5220E32CB600D8268C /* SPIPayAtTable.h in Headers */,
				27C68F5320E32CB800D8268C /* SPIPreAuth.h in Headers */,
				27C68F5420E32CBC00D8268C /* SPITransaction.h in Headers */,
				27C68F5520E32CBF00D8268C /* SPIPurchaseHelper.h in Headers */,
				27C68F5620E32CC200D8268C /* SPISecrets.h in Headers */,
				27C68F5720E32CC500D8268C /* SPISettlement.h in Headers */,
				27C68F5820E32CC900D8268C /* SPIConnection.h in Headers */,
				27C68F5920E32CCD00D8268C /* SPIPingHelper.h in Headers */,
				27C68F5A20E32CD300D8268C /* SPIRequestIdHelper.h in Headers */,
				49A6067221DDAE1800B6C706 /* SPIDeviceService.h in Headers */,
				27C68F5B20E32CD600D8268C /* SPIWebSocketConnection.h in Headers */,
				27C68F5D20E32CE000D8268C /* SPILogger.h in Headers */,
				27C68F5E20E32CE600D8268C /* SPIClient_iOS.h in Headers */,
				27B3CD1420EA20D200237C3A /* SPIManifest+Internal.h in Headers */,
			);
			runOnlyForDeploymentPostprocessing = 0;
		};
/* End PBXHeadersBuildPhase section */

/* Begin PBXNativeTarget section */
		27BEE9792058F9C400E74E66 /* SPIClient-iOS */ = {
			isa = PBXNativeTarget;
			buildConfigurationList = 27BEE98E2058F9C400E74E66 /* Build configuration list for PBXNativeTarget "SPIClient-iOS" */;
			buildPhases = (
				C175C2944CEDB6EA6FD46B27 /* [CP] Check Pods Manifest.lock */,
				27B3CD0E20EA198300237C3A /* Update Manifest Header */,
				27BEE9752058F9C400E74E66 /* Sources */,
				27BEE9762058F9C400E74E66 /* Frameworks */,
				27BEE9772058F9C400E74E66 /* Headers */,
				27BEE9782058F9C400E74E66 /* Resources */,
			);
			buildRules = (
			);
			dependencies = (
			);
			name = "SPIClient-iOS";
			productName = "SPIClient-iOS";
			productReference = 27BEE97A2058F9C400E74E66 /* SPIClient_iOS.framework */;
			productType = "com.apple.product-type.framework";
		};
		27BEE9822058F9C400E74E66 /* Tests */ = {
			isa = PBXNativeTarget;
			buildConfigurationList = 27BEE9912058F9C400E74E66 /* Build configuration list for PBXNativeTarget "Tests" */;
			buildPhases = (
				06826DC422BC94BECA7DD160 /* [CP] Check Pods Manifest.lock */,
				27BEE97F2058F9C400E74E66 /* Sources */,
				27BEE9802058F9C400E74E66 /* Frameworks */,
				27BEE9812058F9C400E74E66 /* Resources */,
			);
			buildRules = (
			);
			dependencies = (
				27BEE9862058F9C400E74E66 /* PBXTargetDependency */,
			);
			name = Tests;
			productName = "SPIClient-iOSTests";
			productReference = 27BEE9832058F9C400E74E66 /* Tests.xctest */;
			productType = "com.apple.product-type.bundle.unit-test";
		};
/* End PBXNativeTarget section */

/* Begin PBXProject section */
		27BEE9712058F9C400E74E66 /* Project object */ = {
			isa = PBXProject;
			attributes = {
				LastUpgradeCheck = 1030;
				ORGANIZATIONNAME = mx51;
				TargetAttributes = {
					27BEE9792058F9C400E74E66 = {
						CreatedOnToolsVersion = 9.2;
						ProvisioningStyle = Manual;
					};
					27BEE9822058F9C400E74E66 = {
						CreatedOnToolsVersion = 9.2;
						ProvisioningStyle = Automatic;
					};
				};
			};
			buildConfigurationList = 27BEE9742058F9C400E74E66 /* Build configuration list for PBXProject "SPIClient-iOS" */;
			compatibilityVersion = "Xcode 8.0";
			developmentRegion = en;
			hasScannedForEncodings = 0;
			knownRegions = (
				en,
				Base,
			);
			mainGroup = 27BEE9702058F9C400E74E66;
			productRefGroup = 27BEE97B2058F9C400E74E66 /* Products */;
			projectDirPath = "";
			projectRoot = "";
			targets = (
				27BEE9792058F9C400E74E66 /* SPIClient-iOS */,
				27BEE9822058F9C400E74E66 /* Tests */,
			);
		};
/* End PBXProject section */

/* Begin PBXResourcesBuildPhase section */
		27BEE9782058F9C400E74E66 /* Resources */ = {
			isa = PBXResourcesBuildPhase;
			buildActionMask = 2147483647;
			files = (
			);
			runOnlyForDeploymentPostprocessing = 0;
		};
		27BEE9812058F9C400E74E66 /* Resources */ = {
			isa = PBXResourcesBuildPhase;
			buildActionMask = 2147483647;
			files = (
			);
			runOnlyForDeploymentPostprocessing = 0;
		};
/* End PBXResourcesBuildPhase section */

/* Begin PBXShellScriptBuildPhase section */
		06826DC422BC94BECA7DD160 /* [CP] Check Pods Manifest.lock */ = {
			isa = PBXShellScriptBuildPhase;
			buildActionMask = 2147483647;
			files = (
			);
			inputPaths = (
				"${PODS_PODFILE_DIR_PATH}/Podfile.lock",
				"${PODS_ROOT}/Manifest.lock",
			);
			name = "[CP] Check Pods Manifest.lock";
			outputPaths = (
				"$(DERIVED_FILE_DIR)/Pods-Tests-checkManifestLockResult.txt",
			);
			runOnlyForDeploymentPostprocessing = 0;
			shellPath = /bin/sh;
			shellScript = "diff \"${PODS_PODFILE_DIR_PATH}/Podfile.lock\" \"${PODS_ROOT}/Manifest.lock\" > /dev/null\nif [ $? != 0 ] ; then\n    # print error to STDERR\n    echo \"error: The sandbox is not in sync with the Podfile.lock. Run 'pod install' or update your CocoaPods installation.\" >&2\n    exit 1\nfi\n# This output is used by Xcode 'outputs' to avoid re-running this script phase.\necho \"SUCCESS\" > \"${SCRIPT_OUTPUT_FILE_0}\"\n";
			showEnvVarsInLog = 0;
		};
		27B3CD0E20EA198300237C3A /* Update Manifest Header */ = {
			isa = PBXShellScriptBuildPhase;
			buildActionMask = 2147483647;
			files = (
			);
			inputPaths = (
			);
			name = "Update Manifest Header";
			outputPaths = (
			);
			runOnlyForDeploymentPostprocessing = 0;
			shellPath = /bin/sh;
			shellScript = "MANIFEST_HEADER_FILE=\"${PROJECT_DIR}/Library/SPIManifest+Internal.h\"\nBUNDLE_VERSION_SHORT=$(/usr/libexec/PlistBuddy -c \"Print CFBundleShortVersionString\" \"${PROJECT_DIR}/${INFOPLIST_FILE}\")\n\ncat > $MANIFEST_HEADER_FILE << EOL\n// DO NOT EDIT!\n// This file is generated by the 'Update Manifest' build phase.\n\n#define BUNDLE_VERSION_SHORT @\"$BUNDLE_VERSION_SHORT\"\nEOL\n";
		};
		C175C2944CEDB6EA6FD46B27 /* [CP] Check Pods Manifest.lock */ = {
			isa = PBXShellScriptBuildPhase;
			buildActionMask = 2147483647;
			files = (
			);
			inputPaths = (
				"${PODS_PODFILE_DIR_PATH}/Podfile.lock",
				"${PODS_ROOT}/Manifest.lock",
			);
			name = "[CP] Check Pods Manifest.lock";
			outputPaths = (
				"$(DERIVED_FILE_DIR)/Pods-SPIClient-iOS-checkManifestLockResult.txt",
			);
			runOnlyForDeploymentPostprocessing = 0;
			shellPath = /bin/sh;
			shellScript = "diff \"${PODS_PODFILE_DIR_PATH}/Podfile.lock\" \"${PODS_ROOT}/Manifest.lock\" > /dev/null\nif [ $? != 0 ] ; then\n    # print error to STDERR\n    echo \"error: The sandbox is not in sync with the Podfile.lock. Run 'pod install' or update your CocoaPods installation.\" >&2\n    exit 1\nfi\n# This output is used by Xcode 'outputs' to avoid re-running this script phase.\necho \"SUCCESS\" > \"${SCRIPT_OUTPUT_FILE_0}\"\n";
			showEnvVarsInLog = 0;
		};
/* End PBXShellScriptBuildPhase section */

/* Begin PBXSourcesBuildPhase section */
		27BEE9752058F9C400E74E66 /* Sources */ = {
			isa = PBXSourcesBuildPhase;
			buildActionMask = 2147483647;
			files = (
				49A6067321DDAE1800B6C706 /* SPIDeviceService.m in Sources */,
				279BB731205B581E005ADECB /* tommath.c in Sources */,
				273E9B2E205A310A0006ED5C /* SPILogger.m in Sources */,
				29534F5C20BD991F0048C0E0 /* SPICashout.m in Sources */,
				273E9AB4205A2FDE0006ED5C /* SPIModels.m in Sources */,
				273E9B5E205A34BF0006ED5C /* NSString+Crypto.m in Sources */,
				290EBBAA20C55E3000D98C3A /* SPIPreAuth.m in Sources */,
				279BB736205B581E005ADECB /* JKBigInteger.m in Sources */,
				273E9B06205A30F90006ED5C /* SPIPairingHelper.m in Sources */,
				49024DD4217ED7E300ACD54B /* SPITerminal.m in Sources */,
				273E9B03205A30F90006ED5C /* SPIMessage.m in Sources */,
				273E9B13205A30F90006ED5C /* SPISecrets.m in Sources */,
				47E2F05C26B2CC3000BD02FE /* SPIDeviceHelper.m in Sources */,
				273E9B1E205A31030006ED5C /* SPIWebSocketConnection.m in Sources */,
				2986B1C620B117EF0044857A /* SPIPayAtTable.m in Sources */,
				273E9AB2205A2FDE0006ED5C /* SPIClient.m in Sources */,
				273E9B67205A34BF0006ED5C /* NSDate+Util.m in Sources */,
				290A3C0220BEEF59006FD523 /* SPIPurchaseHelper.m in Sources */,
				273E9B22205A31030006ED5C /* SPIPingHelper.m in Sources */,
				C980074E25E75DEF00808E8D /* SPITenantsService.m in Sources */,
				273E9B20205A31030006ED5C /* SPIRequestIdHelper.m in Sources */,
				27C8E48320EC74CC00E00EA9 /* SPIDeviceInfo.m in Sources */,
				273E9B0D205A30F90006ED5C /* SPIKeyRollingHelper.m in Sources */,
				4719CC16269C21DA00A18DD7 /* SPITransactionReportHelper.m in Sources */,
				273E9B09205A30F90006ED5C /* SPIPairing.m in Sources */,
				49A61854215CBFC50068C537 /* SPIPrinting.m in Sources */,
				273E9B5C205A34BF0006ED5C /* NSString+Util.m in Sources */,
				273E9B60205A34BF0006ED5C /* NSObject+Util.m in Sources */,
				273E9AEA205A30EC0006ED5C /* SPICrypto.m in Sources */,
				273E9B10205A30F90006ED5C /* SPITransaction.m in Sources */,
				273E9AE8205A30EC0006ED5C /* SPIDiffieHellman.m in Sources */,
				4714155F26AEA98A00CDC264 /* SPITerminalHelper.m in Sources */,
				273E9B64205A34BF0006ED5C /* NSData+Crypto.m in Sources */,
				4719CC122698601100A18DD7 /* SPIAnalyticsService.m in Sources */,
				831D3C05214B62F40038B3E3 /* SPIRepeatingTimer.m in Sources */,
				273E9B62205A34BF0006ED5C /* NSDateFormatter+Util.m in Sources */,
				273E9B0B205A30F90006ED5C /* SPISettlement.m in Sources */,
				27C8E47D20EB4EB400E00EA9 /* SPIPosInfo.m in Sources */,
			);
			runOnlyForDeploymentPostprocessing = 0;
		};
		27BEE97F2058F9C400E74E66 /* Sources */ = {
			isa = PBXSourcesBuildPhase;
			buildActionMask = 2147483647;
			files = (
				273E9B46205A316E0006ED5C /* SPIKeyRollingTest.m in Sources */,
				49B68927228A9CF100E576A0 /* SPIPayAtTableConfigTests.m in Sources */,
				273E9B2F205A310A0006ED5C /* SPILogger.m in Sources */,
				273E9AB5205A2FDE0006ED5C /* SPIModels.m in Sources */,
				29468BDB20D6B2CB0095D3EC /* SPISettlementTests.m in Sources */,
				27BEE9892058F9C400E74E66 /* SPIClient_iOSTests.m in Sources */,
				29468BE820D6BDA40095D3EC /* RNCryptorTests.m in Sources */,
				27C8E47520EB399300E00EA9 /* SPITestUtils.m in Sources */,
				49F3906B229BC6E5000517C8 /* SPIPayAtTableTests.m in Sources */,
				273E9B37205A315A0006ED5C /* NSDataCryptoTests.m in Sources */,
				273E9B07205A30F90006ED5C /* SPIPairingHelper.m in Sources */,
				47F1F782269C3792003CC15F /* SPITransactionReportHelper.m in Sources */,
				273E9B04205A30F90006ED5C /* SPIMessage.m in Sources */,
				279BB732205B581E005ADECB /* tommath.c in Sources */,
				29468C2820D738360095D3EC /* SPIPongHelperTests.m in Sources */,
				29468C0C20D6CCB80095D3EC /* SPICashoutOnlyTests.m in Sources */,
				29854DCF20D02D7000ABA629 /* SPITransactionTests.m in Sources */,
				273E9B38205A315A0006ED5C /* NSDateFormatterUtilTest.m in Sources */,
				49D2B21322E0A94A00510278 /* SPITerminalTests.m in Sources */,
				273E9B39205A315A0006ED5C /* NSStringUtilsTest.m in Sources */,
				273E9B5F205A34BF0006ED5C /* NSString+Crypto.m in Sources */,
				273E9B14205A30F90006ED5C /* SPISecrets.m in Sources */,
				29E3CC9920D6935A00C69BEC /* NSStringUtilTests.m in Sources */,
				29468C0E20D6DF790095D3EC /* SPIClientTests.m in Sources */,
				273E9B63205A34BF0006ED5C /* NSDateFormatter+Util.m in Sources */,
				27C8E47F20EC67EF00E00EA9 /* SPIPosInfoTests.m in Sources */,
				273E9B1F205A31030006ED5C /* SPIWebSocketConnection.m in Sources */,
				273E9AB3205A2FDE0006ED5C /* SPIClient.m in Sources */,
				29468BEE20D6BE650095D3EC /* JKBigInteger_iOSTests.m in Sources */,
				273E9B68205A34BF0006ED5C /* NSDate+Util.m in Sources */,
				273E9B23205A31030006ED5C /* SPIPingHelper.m in Sources */,
				273E9B47205A316E0006ED5C /* SPIPairingHelperTests.m in Sources */,
				273E9B21205A31030006ED5C /* SPIRequestIdHelper.m in Sources */,
				29E3CC9720D68E9300C69BEC /* NSObjectDynamicDescription.m in Sources */,
				273E9B65205A34BF0006ED5C /* NSData+Crypto.m in Sources */,
				273E9B45205A316E0006ED5C /* SPIGetLastTransactionTests.m in Sources */,
				29468BEA20D6BDB80095D3EC /* RNCryptorTestHelpers.m in Sources */,
				273E9B0E205A30F90006ED5C /* SPIKeyRollingHelper.m in Sources */,
				273E9B49205A316E0006ED5C /* SPIMessageTests.m in Sources */,
				273E9B5D205A34BF0006ED5C /* NSString+Util.m in Sources */,
				29468BE620D6BD900095D3EC /* XCTestCase+RNCryptorVectorTests.m in Sources */,
				273E9B0A205A30F90006ED5C /* SPIPairing.m in Sources */,
				279BB737205B581E005ADECB /* JKBigInteger.m in Sources */,
				29468BF320D6BE7C0095D3EC /* JKBigInteger_Tests.m in Sources */,
				273E9B3D205A31640006ED5C /* SPIDiffieHellmanTest.m in Sources */,
				273E9AEB205A30EC0006ED5C /* SPICrypto.m in Sources */,
				49B68925228A8BCE00E576A0 /* SPIAutoAddressResolutionTests.m in Sources */,
				273E9B11205A30F90006ED5C /* SPITransaction.m in Sources */,
				273E9AE9205A30EC0006ED5C /* SPIDiffieHellman.m in Sources */,
				273E9B61205A34BF0006ED5C /* NSObject+Util.m in Sources */,
				49D2B21122E09CF600510278 /* SPIPreauthTests.m in Sources */,
				49D2B21522E11F1A00510278 /* SPIPrintingTests.m in Sources */,
				273E9B3E205A31640006ED5C /* SPICryptoTest.m in Sources */,
				29468BD920D6B1A90095D3EC /* SPIRefundTests.m in Sources */,
				273E9B0C205A30F90006ED5C /* SPISettlement.m in Sources */,
			);
			runOnlyForDeploymentPostprocessing = 0;
		};
/* End PBXSourcesBuildPhase section */

/* Begin PBXTargetDependency section */
		27BEE9862058F9C400E74E66 /* PBXTargetDependency */ = {
			isa = PBXTargetDependency;
			target = 27BEE9792058F9C400E74E66 /* SPIClient-iOS */;
			targetProxy = 27BEE9852058F9C400E74E66 /* PBXContainerItemProxy */;
		};
/* End PBXTargetDependency section */

/* Begin XCBuildConfiguration section */
		27BEE98C2058F9C400E74E66 /* Debug */ = {
			isa = XCBuildConfiguration;
			buildSettings = {
				ALWAYS_SEARCH_USER_PATHS = NO;
				CLANG_ANALYZER_NONNULL = YES;
				CLANG_ANALYZER_NUMBER_OBJECT_CONVERSION = YES_AGGRESSIVE;
				CLANG_CXX_LANGUAGE_STANDARD = "gnu++14";
				CLANG_CXX_LIBRARY = "libc++";
				CLANG_ENABLE_MODULES = YES;
				CLANG_ENABLE_OBJC_ARC = YES;
				CLANG_WARN_BLOCK_CAPTURE_AUTORELEASING = YES;
				CLANG_WARN_BOOL_CONVERSION = YES;
				CLANG_WARN_COMMA = YES;
				CLANG_WARN_CONSTANT_CONVERSION = YES;
				CLANG_WARN_DEPRECATED_OBJC_IMPLEMENTATIONS = YES;
				CLANG_WARN_DIRECT_OBJC_ISA_USAGE = YES_ERROR;
				CLANG_WARN_DOCUMENTATION_COMMENTS = YES;
				CLANG_WARN_EMPTY_BODY = YES;
				CLANG_WARN_ENUM_CONVERSION = YES;
				CLANG_WARN_INFINITE_RECURSION = YES;
				CLANG_WARN_INT_CONVERSION = YES;
				CLANG_WARN_NON_LITERAL_NULL_CONVERSION = YES;
				CLANG_WARN_OBJC_IMPLICIT_RETAIN_SELF = YES;
				CLANG_WARN_OBJC_LITERAL_CONVERSION = YES;
				CLANG_WARN_OBJC_ROOT_CLASS = YES_ERROR;
				CLANG_WARN_RANGE_LOOP_ANALYSIS = YES;
				CLANG_WARN_STRICT_PROTOTYPES = YES;
				CLANG_WARN_SUSPICIOUS_MOVE = YES;
				CLANG_WARN_UNGUARDED_AVAILABILITY = YES_AGGRESSIVE;
				CLANG_WARN_UNREACHABLE_CODE = YES;
				CLANG_WARN__DUPLICATE_METHOD_MATCH = YES;
				CODE_SIGN_IDENTITY = "iPhone Developer";
				COPY_PHASE_STRIP = NO;
				CURRENT_PROJECT_VERSION = 1;
				DEBUG_INFORMATION_FORMAT = dwarf;
				ENABLE_STRICT_OBJC_MSGSEND = YES;
				ENABLE_TESTABILITY = YES;
				GCC_C_LANGUAGE_STANDARD = gnu11;
				GCC_DYNAMIC_NO_PIC = NO;
				GCC_NO_COMMON_BLOCKS = YES;
				GCC_OPTIMIZATION_LEVEL = 0;
				GCC_PREPROCESSOR_DEFINITIONS = (
					"DEBUG=1",
					"$(inherited)",
				);
				GCC_WARN_64_TO_32_BIT_CONVERSION = YES;
				GCC_WARN_ABOUT_RETURN_TYPE = YES_ERROR;
				GCC_WARN_UNDECLARED_SELECTOR = YES;
				GCC_WARN_UNINITIALIZED_AUTOS = YES_AGGRESSIVE;
				GCC_WARN_UNUSED_FUNCTION = YES;
				GCC_WARN_UNUSED_VARIABLE = YES;
				IPHONEOS_DEPLOYMENT_TARGET = 11.2;
				MTL_ENABLE_DEBUG_INFO = YES;
				ONLY_ACTIVE_ARCH = YES;
				SDKROOT = iphoneos;
				VERSIONING_SYSTEM = "apple-generic";
				VERSION_INFO_PREFIX = "";
			};
			name = Debug;
		};
		27BEE98D2058F9C400E74E66 /* Release */ = {
			isa = XCBuildConfiguration;
			buildSettings = {
				ALWAYS_SEARCH_USER_PATHS = NO;
				CLANG_ANALYZER_NONNULL = YES;
				CLANG_ANALYZER_NUMBER_OBJECT_CONVERSION = YES_AGGRESSIVE;
				CLANG_CXX_LANGUAGE_STANDARD = "gnu++14";
				CLANG_CXX_LIBRARY = "libc++";
				CLANG_ENABLE_MODULES = YES;
				CLANG_ENABLE_OBJC_ARC = YES;
				CLANG_WARN_BLOCK_CAPTURE_AUTORELEASING = YES;
				CLANG_WARN_BOOL_CONVERSION = YES;
				CLANG_WARN_COMMA = YES;
				CLANG_WARN_CONSTANT_CONVERSION = YES;
				CLANG_WARN_DEPRECATED_OBJC_IMPLEMENTATIONS = YES;
				CLANG_WARN_DIRECT_OBJC_ISA_USAGE = YES_ERROR;
				CLANG_WARN_DOCUMENTATION_COMMENTS = YES;
				CLANG_WARN_EMPTY_BODY = YES;
				CLANG_WARN_ENUM_CONVERSION = YES;
				CLANG_WARN_INFINITE_RECURSION = YES;
				CLANG_WARN_INT_CONVERSION = YES;
				CLANG_WARN_NON_LITERAL_NULL_CONVERSION = YES;
				CLANG_WARN_OBJC_IMPLICIT_RETAIN_SELF = YES;
				CLANG_WARN_OBJC_LITERAL_CONVERSION = YES;
				CLANG_WARN_OBJC_ROOT_CLASS = YES_ERROR;
				CLANG_WARN_RANGE_LOOP_ANALYSIS = YES;
				CLANG_WARN_STRICT_PROTOTYPES = YES;
				CLANG_WARN_SUSPICIOUS_MOVE = YES;
				CLANG_WARN_UNGUARDED_AVAILABILITY = YES_AGGRESSIVE;
				CLANG_WARN_UNREACHABLE_CODE = YES;
				CLANG_WARN__DUPLICATE_METHOD_MATCH = YES;
				CODE_SIGN_IDENTITY = "iPhone Developer";
				COPY_PHASE_STRIP = NO;
				CURRENT_PROJECT_VERSION = 1;
				DEBUG_INFORMATION_FORMAT = "dwarf-with-dsym";
				ENABLE_NS_ASSERTIONS = NO;
				ENABLE_STRICT_OBJC_MSGSEND = YES;
				GCC_C_LANGUAGE_STANDARD = gnu11;
				GCC_NO_COMMON_BLOCKS = YES;
				GCC_WARN_64_TO_32_BIT_CONVERSION = YES;
				GCC_WARN_ABOUT_RETURN_TYPE = YES_ERROR;
				GCC_WARN_UNDECLARED_SELECTOR = YES;
				GCC_WARN_UNINITIALIZED_AUTOS = YES_AGGRESSIVE;
				GCC_WARN_UNUSED_FUNCTION = YES;
				GCC_WARN_UNUSED_VARIABLE = YES;
				IPHONEOS_DEPLOYMENT_TARGET = 11.2;
				MTL_ENABLE_DEBUG_INFO = NO;
				SDKROOT = iphoneos;
				VALIDATE_PRODUCT = YES;
				VERSIONING_SYSTEM = "apple-generic";
				VERSION_INFO_PREFIX = "";
			};
			name = Release;
		};
		27BEE98F2058F9C400E74E66 /* Debug */ = {
			isa = XCBuildConfiguration;
			baseConfigurationReference = E4F182040639C7C173C6A36E /* Pods-SPIClient-iOS.debug.xcconfig */;
			buildSettings = {
				CODE_SIGN_IDENTITY = "";
				CODE_SIGN_STYLE = Manual;
				DEFINES_MODULE = YES;
				DEVELOPMENT_TEAM = "";
				DYLIB_COMPATIBILITY_VERSION = 1;
				DYLIB_CURRENT_VERSION = 1;
				DYLIB_INSTALL_NAME_BASE = "@rpath";
				INFOPLIST_FILE = Library/Info.plist;
				INSTALL_PATH = "$(LOCAL_LIBRARY_DIR)/Frameworks";
				IPHONEOS_DEPLOYMENT_TARGET = 8.0;
				LD_RUNPATH_SEARCH_PATHS = "$(inherited) @executable_path/Frameworks @loader_path/Frameworks";
				PRODUCT_BUNDLE_IDENTIFIER = "com.mx51.SPIClient-iOS";
				PRODUCT_NAME = "$(TARGET_NAME:c99extidentifier)";
				PROVISIONING_PROFILE_SPECIFIER = "";
				SKIP_INSTALL = YES;
				TARGETED_DEVICE_FAMILY = "1,2";
			};
			name = Debug;
		};
		27BEE9902058F9C400E74E66 /* Release */ = {
			isa = XCBuildConfiguration;
			baseConfigurationReference = C72497E83165D2D15EC6229C /* Pods-SPIClient-iOS.release.xcconfig */;
			buildSettings = {
				CODE_SIGN_IDENTITY = "";
				CODE_SIGN_STYLE = Manual;
				DEFINES_MODULE = YES;
				DEVELOPMENT_TEAM = "";
				DYLIB_COMPATIBILITY_VERSION = 1;
				DYLIB_CURRENT_VERSION = 1;
				DYLIB_INSTALL_NAME_BASE = "@rpath";
				INFOPLIST_FILE = Library/Info.plist;
				INSTALL_PATH = "$(LOCAL_LIBRARY_DIR)/Frameworks";
				IPHONEOS_DEPLOYMENT_TARGET = 8.0;
				LD_RUNPATH_SEARCH_PATHS = "$(inherited) @executable_path/Frameworks @loader_path/Frameworks";
				PRODUCT_BUNDLE_IDENTIFIER = "com.mx51.SPIClient-iOS";
				PRODUCT_NAME = "$(TARGET_NAME:c99extidentifier)";
				PROVISIONING_PROFILE_SPECIFIER = "";
				SKIP_INSTALL = YES;
				TARGETED_DEVICE_FAMILY = "1,2";
			};
			name = Release;
		};
		27BEE9922058F9C400E74E66 /* Debug */ = {
			isa = XCBuildConfiguration;
			baseConfigurationReference = 5A44F061A056AA8B851EA052 /* Pods-Tests.debug.xcconfig */;
			buildSettings = {
				CODE_SIGN_STYLE = Automatic;
				GCC_PREPROCESSOR_DEFINITIONS = (
					"$(inherited)",
					"TEST=1",
					"COCOAPODS=1",
				);
				INFOPLIST_FILE = Tests/Info.plist;
				LD_RUNPATH_SEARCH_PATHS = "$(inherited) @executable_path/Frameworks @loader_path/Frameworks";
				PRODUCT_BUNDLE_IDENTIFIER = "com.mx51.SPIClient-iOSTests";
				PRODUCT_NAME = "$(TARGET_NAME)";
				TARGETED_DEVICE_FAMILY = "1,2";
			};
			name = Debug;
		};
		27BEE9932058F9C400E74E66 /* Release */ = {
			isa = XCBuildConfiguration;
			baseConfigurationReference = 14EE113B813EE009D4E22FD5 /* Pods-Tests.release.xcconfig */;
			buildSettings = {
				CODE_SIGN_STYLE = Automatic;
				INFOPLIST_FILE = Tests/Info.plist;
				LD_RUNPATH_SEARCH_PATHS = "$(inherited) @executable_path/Frameworks @loader_path/Frameworks";
				PRODUCT_BUNDLE_IDENTIFIER = "com.mx51.SPIClient-iOSTests";
				PRODUCT_NAME = "$(TARGET_NAME)";
				TARGETED_DEVICE_FAMILY = "1,2";
			};
			name = Release;
		};
/* End XCBuildConfiguration section */

/* Begin XCConfigurationList section */
		27BEE9742058F9C400E74E66 /* Build configuration list for PBXProject "SPIClient-iOS" */ = {
			isa = XCConfigurationList;
			buildConfigurations = (
				27BEE98C2058F9C400E74E66 /* Debug */,
				27BEE98D2058F9C400E74E66 /* Release */,
			);
			defaultConfigurationIsVisible = 0;
			defaultConfigurationName = Release;
		};
		27BEE98E2058F9C400E74E66 /* Build configuration list for PBXNativeTarget "SPIClient-iOS" */ = {
			isa = XCConfigurationList;
			buildConfigurations = (
				27BEE98F2058F9C400E74E66 /* Debug */,
				27BEE9902058F9C400E74E66 /* Release */,
			);
			defaultConfigurationIsVisible = 0;
			defaultConfigurationName = Release;
		};
		27BEE9912058F9C400E74E66 /* Build configuration list for PBXNativeTarget "Tests" */ = {
			isa = XCConfigurationList;
			buildConfigurations = (
				27BEE9922058F9C400E74E66 /* Debug */,
				27BEE9932058F9C400E74E66 /* Release */,
			);
			defaultConfigurationIsVisible = 0;
			defaultConfigurationName = Release;
		};
/* End XCConfigurationList section */
	};
	rootObject = 27BEE9712058F9C400E74E66 /* Project object */;
}
